// !$*UTF8*$!
{
	archiveVersion = 1;
	classes = {
	};
	objectVersion = 77;
	objects = {

/* Begin PBXBuildFile section */
		00931C01885F0F6958E83677 /* PartitionSearchService.swift in Sources */ = {isa = PBXBuildFile; fileRef = FEE98246DBDA27627B451AB2 /* PartitionSearchService.swift */; };
		03A99E3159E4EDB20C010DB2 /* LivePreviewService.swift in Sources */ = {isa = PBXBuildFile; fileRef = C7F778D2D01BDD409132C6CD /* LivePreviewService.swift */; };
		06058B0CCD28359644C30B40 /* ContentView.swift in Sources */ = {isa = PBXBuildFile; fileRef = 7440B3EA13CCE7938E850E52 /* ContentView.swift */; };
		077A51E17D05FE7ECF5E5319 /* AppEnvironment.swift in Sources */ = {isa = PBXBuildFile; fileRef = BEBAA18557A524CC25001987 /* AppEnvironment.swift */; };
		0CF30080EDD11D61C3C17999 /* DeviceSelectionViewModel.swift in Sources */ = {isa = PBXBuildFile; fileRef = E438495DF84FBF25DF0E80E0 /* DeviceSelectionViewModel.swift */; };
		0D024DE5C9BE18F37CC324FB /* DiskImageServiceTests.swift in Sources */ = {isa = PBXBuildFile; fileRef = 3D6181B986D79D12FBB4FA98 /* DiskImageServiceTests.swift */; };
		104CEB2634E1AA065DF610F5 /* PrivilegedDiskReader.swift in Sources */ = {isa = PBXBuildFile; fileRef = E1A08941DFB93CBD65410D6F /* PrivilegedDiskReader.swift */; };
		11652FFD851388C39A5211FC /* SessionManager.swift in Sources */ = {isa = PBXBuildFile; fileRef = A15764732492BC7548B89A6B /* SessionManager.swift */; };
		11CAFCEB273970561391B100 /* FileRow.swift in Sources */ = {isa = PBXBuildFile; fileRef = E5493B363900AF1D70C560A7 /* FileRow.swift */; };
		1BB2289F9DC3F580906419CD /* FileScanView.swift in Sources */ = {isa = PBXBuildFile; fileRef = 14852AB7DED9C33B14908906 /* FileScanView.swift */; };
		1C52BC48EDF23A77F9D59AD1 /* FATDirectoryScannerTests.swift in Sources */ = {isa = PBXBuildFile; fileRef = 5E437A0241805491AD65C7CC /* FATDirectoryScannerTests.swift */; };
		2148DC54C9E64686933B6BDA /* DeepScanService.swift in Sources */ = {isa = PBXBuildFile; fileRef = 57A3C4EE79CD9CBA6438E9FC /* DeepScanService.swift */; };
		2F0D0F45F1A4CBAC0394E70F /* HFSPlusCarver.swift in Sources */ = {isa = PBXBuildFile; fileRef = E0C32B6E22A21D6EBAFBEBE0 /* HFSPlusCarver.swift */; };
		367E9FE7B65042D7D57FBF56 /* RecoverableFile.swift in Sources */ = {isa = PBXBuildFile; fileRef = 5A703308D82EE993CC2056AE /* RecoverableFile.swift */; };
		3C0F3AF8694F9CF2C86233FA /* DeepScanServiceTests.swift in Sources */ = {isa = PBXBuildFile; fileRef = 2450B5276362C5741A3A8564 /* DeepScanServiceTests.swift */; };
		3C2EDAFBD340B305A7EAA95D /* FATCarver.swift in Sources */ = {isa = PBXBuildFile; fileRef = E1F55BD3D7AD752F2A81C1E5 /* FATCarver.swift */; };
		3D0916B36C3729CE03391262 /* FragmentedVideoAssemblerTests.swift in Sources */ = {isa = PBXBuildFile; fileRef = EE9F0765F5F27901DA2F8F6C /* FragmentedVideoAssemblerTests.swift */; };
		3F2B58EC0753290F6EF7D672 /* CarverTests.swift in Sources */ = {isa = PBXBuildFile; fileRef = 80134CC6A91C8B1CB704DCBF /* CarverTests.swift */; };
		4D379CD5745376C750B82D4D /* DeviceSelectionView.swift in Sources */ = {isa = PBXBuildFile; fileRef = 8E83C93B6F1D795F64064DE4 /* DeviceSelectionView.swift */; };
		5059248ADC0B93DD4CF25089 /* FATDirectoryScanner.swift in Sources */ = {isa = PBXBuildFile; fileRef = A85E7667F8D25F8F009CF4C2 /* FATDirectoryScanner.swift */; };
		505E98525DAC2611DCD6ABC9 /* ExFATScannerTests.swift in Sources */ = {isa = PBXBuildFile; fileRef = D3C35F606B23E71F2E9DF9C0 /* ExFATScannerTests.swift */; };
		58A5E2C4D810CB8724BAF916 /* FileScanViewModel.swift in Sources */ = {isa = PBXBuildFile; fileRef = 40C80519E90FBDE89238C379 /* FileScanViewModel.swift */; };
		5AF2F324C0E3C39E41BB035D /* FileScanViewModelTests.swift in Sources */ = {isa = PBXBuildFile; fileRef = C743B5D3071301D629129F47 /* FileScanViewModelTests.swift */; };
		5D930053FCEA04ACFC6218C8 /* FilePreviewView.swift in Sources */ = {isa = PBXBuildFile; fileRef = C4B3E7CE58D5A886D07B5FA3 /* FilePreviewView.swift */; };
		620E9B53A9A33B0B758A4EA2 /* APFSCarver.swift in Sources */ = {isa = PBXBuildFile; fileRef = 35589341E290EB381B7786A9 /* APFSCarver.swift */; };
		65DF8D6F94C2E95104B6CC35 /* SessionManagerTests.swift in Sources */ = {isa = PBXBuildFile; fileRef = CC87F8801F7960504E33CD79 /* SessionManagerTests.swift */; };
		74082CAD78D63C4D06E31A38 /* RecoveryDestinationView.swift in Sources */ = {isa = PBXBuildFile; fileRef = 26734D6609F8840799867BE5 /* RecoveryDestinationView.swift */; };
		81BD73D2EDC959AD2A6ABEC4 /* PermissionDeniedView.swift in Sources */ = {isa = PBXBuildFile; fileRef = 4FF31BA6DD99ABA35A59EE60 /* PermissionDeniedView.swift */; };
		82FE3AA9D396AF34053C302D /* LivePreviewServiceTests.swift in Sources */ = {isa = PBXBuildFile; fileRef = 04D47227FE40A9D3359873D7 /* LivePreviewServiceTests.swift */; };
		8321203437AFB541AFAE30F0 /* ScanSession.swift in Sources */ = {isa = PBXBuildFile; fileRef = 24242E6231C18ABCF95AFB4E /* ScanSession.swift */; };
		859C7C30E2EBA34F0DAEB6FE /* MP4Reconstructor.swift in Sources */ = {isa = PBXBuildFile; fileRef = 2A59845E81AECA12DC6FA63C /* MP4Reconstructor.swift */; };
		90ADCF266A4922BF51B28BCE /* Assets.xcassets in Resources */ = {isa = PBXBuildFile; fileRef = 813F892753186505FE3AC38C /* Assets.xcassets */; };
		99FDB593D0F035BFC7D99F48 /* FileSignature.swift in Sources */ = {isa = PBXBuildFile; fileRef = 1945E20E8BA8053B6887B09C /* FileSignature.swift */; };
		9B13E0E0351DC880554E363B /* FileRecoveryService.swift in Sources */ = {isa = PBXBuildFile; fileRef = 8EAAAC3174F2989415E764BF /* FileRecoveryService.swift */; };
		9DAA1D7937850B64857CE3D6 /* CameraRecoveryService.swift in Sources */ = {isa = PBXBuildFile; fileRef = 49504C7E0FA3974CCFCC0532 /* CameraRecoveryService.swift */; };
		A01970202BB5192A4F3A5D8A /* VivacityApp.swift in Sources */ = {isa = PBXBuildFile; fileRef = 6533E49B7DC688069A7A69F2 /* VivacityApp.swift */; };
		AA2682061279386E0DE9E844 /* FileRecoveryServiceTests.swift in Sources */ = {isa = PBXBuildFile; fileRef = F30B62B326803C1F2F157DC1 /* FileRecoveryServiceTests.swift */; };
		AA71CE302C1F5E41C39346BC /* FragmentedVideoAssembler.swift in Sources */ = {isa = PBXBuildFile; fileRef = 8D678616101D53E95D842ADF /* FragmentedVideoAssembler.swift */; };
		AC518D2E85AAF57ECF7D54F0 /* PartitionSearchServiceTests.swift in Sources */ = {isa = PBXBuildFile; fileRef = 0938BB457C5B7EC36673B570 /* PartitionSearchServiceTests.swift */; };
		B064934E4833CC896249EF08 /* PrivilegedDiskReading.swift in Sources */ = {isa = PBXBuildFile; fileRef = 33B0B5AA1352FC217AF5620D /* PrivilegedDiskReading.swift */; };
		B09F3FE39A46053B770371D4 /* FATModels.swift in Sources */ = {isa = PBXBuildFile; fileRef = 147E9D157D854956E181E709 /* FATModels.swift */; };
		B3DEE11310570E526AC4FF71 /* FastScanService.swift in Sources */ = {isa = PBXBuildFile; fileRef = 5AA0A9A17B9FCF612FC6FE45 /* FastScanService.swift */; };
		C01A1DEFA19003CE68313A24 /* FakePrivilegedDiskReader.swift in Sources */ = {isa = PBXBuildFile; fileRef = 32EA9481366D101CD6BC3BF8 /* FakePrivilegedDiskReader.swift */; };
		C362E67B3C40C3C56D8C967C /* DiskImageService.swift in Sources */ = {isa = PBXBuildFile; fileRef = 3856BA55D26D11EAAB760644 /* DiskImageService.swift */; };
		C72E56A5B276A94350B5305A /* NTFSScannerTests.swift in Sources */ = {isa = PBXBuildFile; fileRef = 308D1FD7909AFFD68B30FEA7 /* NTFSScannerTests.swift */; };
		CC63020F3592BB3E3B003D98 /* ImageReconstructor.swift in Sources */ = {isa = PBXBuildFile; fileRef = 56F8CA23D8B2E1CC4243DB63 /* ImageReconstructor.swift */; };
		CCDC94EFA27610887A07ECB7 /* StorageDevice.swift in Sources */ = {isa = PBXBuildFile; fileRef = 47DDDF1923CF4817747DF896 /* StorageDevice.swift */; };
		D0FB6B25B26231CD99094656 /* NTFSScanner.swift in Sources */ = {isa = PBXBuildFile; fileRef = 831FC83A468C39590799E7EF /* NTFSScanner.swift */; };
		D2AA554B09B80A92FA955699 /* CameraProfile.swift in Sources */ = {isa = PBXBuildFile; fileRef = 36ABDB24E87488F6364810AF /* CameraProfile.swift */; };
		D2C851A3DCE068A2F499EEA7 /* ImageReconstructorTests.swift in Sources */ = {isa = PBXBuildFile; fileRef = 99776D01DC7BE0505962045B /* ImageReconstructorTests.swift */; };
		D4479992C89F5F39F53D70AF /* DeviceRow.swift in Sources */ = {isa = PBXBuildFile; fileRef = 1E918688D4F2028C641FAE18 /* DeviceRow.swift */; };
		D85861E815D6EF7AF08F1255 /* ExFATScanner.swift in Sources */ = {isa = PBXBuildFile; fileRef = 51CA98A2D11611B1D21DC9E4 /* ExFATScanner.swift */; };
		E33DD69245EBDC574B61C7D1 /* MP4ReconstructorTests.swift in Sources */ = {isa = PBXBuildFile; fileRef = F159A792417B453FEC784152 /* MP4ReconstructorTests.swift */; };
		E37320DC60A55C997C57F29F /* FastScanServiceTests.swift in Sources */ = {isa = PBXBuildFile; fileRef = F328A66E93D9B636EB810EFF /* FastScanServiceTests.swift */; };
		E620E61C0A86029781320113 /* RecoveryDestinationViewModelTests.swift in Sources */ = {isa = PBXBuildFile; fileRef = EBA88F1F7CF265C2EE9B5A6A /* RecoveryDestinationViewModelTests.swift */; };
		E91CB9C3A20A40FA2B92E1E4 /* EXIFDateExtractor.swift in Sources */ = {isa = PBXBuildFile; fileRef = EDCA43942A279D02A5F642B1 /* EXIFDateExtractor.swift */; };
		F1CAB5A0B0D48514F9497299 /* RecoveryDestinationViewModel.swift in Sources */ = {isa = PBXBuildFile; fileRef = B7294EE81ECC026824472976 /* RecoveryDestinationViewModel.swift */; };
		F403E78ECD2996000F3D4E28 /* DeviceService.swift in Sources */ = {isa = PBXBuildFile; fileRef = 0AB19FD457E5D574B0C940BA /* DeviceService.swift */; };
		F4317D7E523A05AFA39327E4 /* FileFooterDetector.swift in Sources */ = {isa = PBXBuildFile; fileRef = 3F82F7C404551CACAD46E9B4 /* FileFooterDetector.swift */; };
		F4FC8612E092BE27D16C4CF9 /* CameraRecoveryServiceTests.swift in Sources */ = {isa = PBXBuildFile; fileRef = 188035211EA15281770871C3 /* CameraRecoveryServiceTests.swift */; };
		F90C6BA0B2A199C6EE4ED01A /* VivacityUITests.swift in Sources */ = {isa = PBXBuildFile; fileRef = 737C64196EDFE4E331A56C79 /* VivacityUITests.swift */; };
		F9792417A52D1B8C92977143 /* VolumeInfo.swift in Sources */ = {isa = PBXBuildFile; fileRef = C013657BBAB37D35EFD9EA80 /* VolumeInfo.swift */; };
/* End PBXBuildFile section */

/* Begin PBXContainerItemProxy section */
		07F87DCCC18620DD0B3F366D /* PBXContainerItemProxy */ = {
			isa = PBXContainerItemProxy;
			containerPortal = 3340BCC9F4AC22F94A50B57E /* Project object */;
			proxyType = 1;
			remoteGlobalIDString = BEF52493ED46F1397A69AFCD;
			remoteInfo = Vivacity;
		};
		E2596597E3878067FE7C8C15 /* PBXContainerItemProxy */ = {
			isa = PBXContainerItemProxy;
			containerPortal = 3340BCC9F4AC22F94A50B57E /* Project object */;
			proxyType = 1;
			remoteGlobalIDString = BEF52493ED46F1397A69AFCD;
			remoteInfo = Vivacity;
		};
/* End PBXContainerItemProxy section */

/* Begin PBXFileReference section */
		04D47227FE40A9D3359873D7 /* LivePreviewServiceTests.swift */ = {isa = PBXFileReference; lastKnownFileType = sourcecode.swift; path = LivePreviewServiceTests.swift; sourceTree = "<group>"; };
		0938BB457C5B7EC36673B570 /* PartitionSearchServiceTests.swift */ = {isa = PBXFileReference; lastKnownFileType = sourcecode.swift; path = PartitionSearchServiceTests.swift; sourceTree = "<group>"; };
		0AB19FD457E5D574B0C940BA /* DeviceService.swift */ = {isa = PBXFileReference; lastKnownFileType = sourcecode.swift; path = DeviceService.swift; sourceTree = "<group>"; };
		147E9D157D854956E181E709 /* FATModels.swift */ = {isa = PBXFileReference; lastKnownFileType = sourcecode.swift; path = FATModels.swift; sourceTree = "<group>"; };
		14852AB7DED9C33B14908906 /* FileScanView.swift */ = {isa = PBXFileReference; lastKnownFileType = sourcecode.swift; path = FileScanView.swift; sourceTree = "<group>"; };
		18227BFB530109ACDFC92F53 /* VivacityTests.xctest */ = {isa = PBXFileReference; explicitFileType = wrapper.cfbundle; includeInIndex = 0; path = VivacityTests.xctest; sourceTree = BUILT_PRODUCTS_DIR; };
		188035211EA15281770871C3 /* CameraRecoveryServiceTests.swift */ = {isa = PBXFileReference; lastKnownFileType = sourcecode.swift; path = CameraRecoveryServiceTests.swift; sourceTree = "<group>"; };
		1945E20E8BA8053B6887B09C /* FileSignature.swift */ = {isa = PBXFileReference; lastKnownFileType = sourcecode.swift; path = FileSignature.swift; sourceTree = "<group>"; };
		1E918688D4F2028C641FAE18 /* DeviceRow.swift */ = {isa = PBXFileReference; lastKnownFileType = sourcecode.swift; path = DeviceRow.swift; sourceTree = "<group>"; };
		24242E6231C18ABCF95AFB4E /* ScanSession.swift */ = {isa = PBXFileReference; lastKnownFileType = sourcecode.swift; path = ScanSession.swift; sourceTree = "<group>"; };
		2450B5276362C5741A3A8564 /* DeepScanServiceTests.swift */ = {isa = PBXFileReference; lastKnownFileType = sourcecode.swift; path = DeepScanServiceTests.swift; sourceTree = "<group>"; };
		26734D6609F8840799867BE5 /* RecoveryDestinationView.swift */ = {isa = PBXFileReference; lastKnownFileType = sourcecode.swift; path = RecoveryDestinationView.swift; sourceTree = "<group>"; };
		2A59845E81AECA12DC6FA63C /* MP4Reconstructor.swift */ = {isa = PBXFileReference; lastKnownFileType = sourcecode.swift; path = MP4Reconstructor.swift; sourceTree = "<group>"; };
		308D1FD7909AFFD68B30FEA7 /* NTFSScannerTests.swift */ = {isa = PBXFileReference; lastKnownFileType = sourcecode.swift; path = NTFSScannerTests.swift; sourceTree = "<group>"; };
		32EA9481366D101CD6BC3BF8 /* FakePrivilegedDiskReader.swift */ = {isa = PBXFileReference; lastKnownFileType = sourcecode.swift; path = FakePrivilegedDiskReader.swift; sourceTree = "<group>"; };
		33B0B5AA1352FC217AF5620D /* PrivilegedDiskReading.swift */ = {isa = PBXFileReference; lastKnownFileType = sourcecode.swift; path = PrivilegedDiskReading.swift; sourceTree = "<group>"; };
		35589341E290EB381B7786A9 /* APFSCarver.swift */ = {isa = PBXFileReference; lastKnownFileType = sourcecode.swift; path = APFSCarver.swift; sourceTree = "<group>"; };
		36ABDB24E87488F6364810AF /* CameraProfile.swift */ = {isa = PBXFileReference; lastKnownFileType = sourcecode.swift; path = CameraProfile.swift; sourceTree = "<group>"; };
		3856BA55D26D11EAAB760644 /* DiskImageService.swift */ = {isa = PBXFileReference; lastKnownFileType = sourcecode.swift; path = DiskImageService.swift; sourceTree = "<group>"; };
		3D6181B986D79D12FBB4FA98 /* DiskImageServiceTests.swift */ = {isa = PBXFileReference; lastKnownFileType = sourcecode.swift; path = DiskImageServiceTests.swift; sourceTree = "<group>"; };
		3F82F7C404551CACAD46E9B4 /* FileFooterDetector.swift */ = {isa = PBXFileReference; lastKnownFileType = sourcecode.swift; path = FileFooterDetector.swift; sourceTree = "<group>"; };
		40C80519E90FBDE89238C379 /* FileScanViewModel.swift */ = {isa = PBXFileReference; lastKnownFileType = sourcecode.swift; path = FileScanViewModel.swift; sourceTree = "<group>"; };
		47DDDF1923CF4817747DF896 /* StorageDevice.swift */ = {isa = PBXFileReference; lastKnownFileType = sourcecode.swift; path = StorageDevice.swift; sourceTree = "<group>"; };
		49504C7E0FA3974CCFCC0532 /* CameraRecoveryService.swift */ = {isa = PBXFileReference; lastKnownFileType = sourcecode.swift; path = CameraRecoveryService.swift; sourceTree = "<group>"; };
		4FF31BA6DD99ABA35A59EE60 /* PermissionDeniedView.swift */ = {isa = PBXFileReference; lastKnownFileType = sourcecode.swift; path = PermissionDeniedView.swift; sourceTree = "<group>"; };
		51CA98A2D11611B1D21DC9E4 /* ExFATScanner.swift */ = {isa = PBXFileReference; lastKnownFileType = sourcecode.swift; path = ExFATScanner.swift; sourceTree = "<group>"; };
		56F8CA23D8B2E1CC4243DB63 /* ImageReconstructor.swift */ = {isa = PBXFileReference; lastKnownFileType = sourcecode.swift; path = ImageReconstructor.swift; sourceTree = "<group>"; };
		57A3C4EE79CD9CBA6438E9FC /* DeepScanService.swift */ = {isa = PBXFileReference; lastKnownFileType = sourcecode.swift; path = DeepScanService.swift; sourceTree = "<group>"; };
		5A703308D82EE993CC2056AE /* RecoverableFile.swift */ = {isa = PBXFileReference; lastKnownFileType = sourcecode.swift; path = RecoverableFile.swift; sourceTree = "<group>"; };
		5AA0A9A17B9FCF612FC6FE45 /* FastScanService.swift */ = {isa = PBXFileReference; lastKnownFileType = sourcecode.swift; path = FastScanService.swift; sourceTree = "<group>"; };
		5E437A0241805491AD65C7CC /* FATDirectoryScannerTests.swift */ = {isa = PBXFileReference; lastKnownFileType = sourcecode.swift; path = FATDirectoryScannerTests.swift; sourceTree = "<group>"; };
		6533E49B7DC688069A7A69F2 /* VivacityApp.swift */ = {isa = PBXFileReference; lastKnownFileType = sourcecode.swift; path = VivacityApp.swift; sourceTree = "<group>"; };
		737C64196EDFE4E331A56C79 /* VivacityUITests.swift */ = {isa = PBXFileReference; lastKnownFileType = sourcecode.swift; path = VivacityUITests.swift; sourceTree = "<group>"; };
		7440B3EA13CCE7938E850E52 /* ContentView.swift */ = {isa = PBXFileReference; lastKnownFileType = sourcecode.swift; path = ContentView.swift; sourceTree = "<group>"; };
		80134CC6A91C8B1CB704DCBF /* CarverTests.swift */ = {isa = PBXFileReference; lastKnownFileType = sourcecode.swift; path = CarverTests.swift; sourceTree = "<group>"; };
		813F892753186505FE3AC38C /* Assets.xcassets */ = {isa = PBXFileReference; lastKnownFileType = folder.assetcatalog; path = Assets.xcassets; sourceTree = "<group>"; };
		831FC83A468C39590799E7EF /* NTFSScanner.swift */ = {isa = PBXFileReference; lastKnownFileType = sourcecode.swift; path = NTFSScanner.swift; sourceTree = "<group>"; };
		8D678616101D53E95D842ADF /* FragmentedVideoAssembler.swift */ = {isa = PBXFileReference; lastKnownFileType = sourcecode.swift; path = FragmentedVideoAssembler.swift; sourceTree = "<group>"; };
		8E83C93B6F1D795F64064DE4 /* DeviceSelectionView.swift */ = {isa = PBXFileReference; lastKnownFileType = sourcecode.swift; path = DeviceSelectionView.swift; sourceTree = "<group>"; };
		8EAAAC3174F2989415E764BF /* FileRecoveryService.swift */ = {isa = PBXFileReference; lastKnownFileType = sourcecode.swift; path = FileRecoveryService.swift; sourceTree = "<group>"; };
		99776D01DC7BE0505962045B /* ImageReconstructorTests.swift */ = {isa = PBXFileReference; lastKnownFileType = sourcecode.swift; path = ImageReconstructorTests.swift; sourceTree = "<group>"; };
		A15764732492BC7548B89A6B /* SessionManager.swift */ = {isa = PBXFileReference; lastKnownFileType = sourcecode.swift; path = SessionManager.swift; sourceTree = "<group>"; };
		A85E7667F8D25F8F009CF4C2 /* FATDirectoryScanner.swift */ = {isa = PBXFileReference; lastKnownFileType = sourcecode.swift; path = FATDirectoryScanner.swift; sourceTree = "<group>"; };
		B7294EE81ECC026824472976 /* RecoveryDestinationViewModel.swift */ = {isa = PBXFileReference; lastKnownFileType = sourcecode.swift; path = RecoveryDestinationViewModel.swift; sourceTree = "<group>"; };
		BEBAA18557A524CC25001987 /* AppEnvironment.swift */ = {isa = PBXFileReference; lastKnownFileType = sourcecode.swift; path = AppEnvironment.swift; sourceTree = "<group>"; };
		BEF16CD13AF31A261247DF14 /* Vivacity.app */ = {isa = PBXFileReference; explicitFileType = wrapper.application; includeInIndex = 0; path = Vivacity.app; sourceTree = BUILT_PRODUCTS_DIR; };
		C013657BBAB37D35EFD9EA80 /* VolumeInfo.swift */ = {isa = PBXFileReference; lastKnownFileType = sourcecode.swift; path = VolumeInfo.swift; sourceTree = "<group>"; };
		C4B3E7CE58D5A886D07B5FA3 /* FilePreviewView.swift */ = {isa = PBXFileReference; lastKnownFileType = sourcecode.swift; path = FilePreviewView.swift; sourceTree = "<group>"; };
		C743B5D3071301D629129F47 /* FileScanViewModelTests.swift */ = {isa = PBXFileReference; lastKnownFileType = sourcecode.swift; path = FileScanViewModelTests.swift; sourceTree = "<group>"; };
		C7F778D2D01BDD409132C6CD /* LivePreviewService.swift */ = {isa = PBXFileReference; lastKnownFileType = sourcecode.swift; path = LivePreviewService.swift; sourceTree = "<group>"; };
		CC87F8801F7960504E33CD79 /* SessionManagerTests.swift */ = {isa = PBXFileReference; lastKnownFileType = sourcecode.swift; path = SessionManagerTests.swift; sourceTree = "<group>"; };
		D3C35F606B23E71F2E9DF9C0 /* ExFATScannerTests.swift */ = {isa = PBXFileReference; lastKnownFileType = sourcecode.swift; path = ExFATScannerTests.swift; sourceTree = "<group>"; };
		DD42EC837C789FF8548959AD /* VivacityUITests.xctest */ = {isa = PBXFileReference; explicitFileType = wrapper.cfbundle; includeInIndex = 0; path = VivacityUITests.xctest; sourceTree = BUILT_PRODUCTS_DIR; };
		E0C32B6E22A21D6EBAFBEBE0 /* HFSPlusCarver.swift */ = {isa = PBXFileReference; lastKnownFileType = sourcecode.swift; path = HFSPlusCarver.swift; sourceTree = "<group>"; };
		E1A08941DFB93CBD65410D6F /* PrivilegedDiskReader.swift */ = {isa = PBXFileReference; lastKnownFileType = sourcecode.swift; path = PrivilegedDiskReader.swift; sourceTree = "<group>"; };
		E1F55BD3D7AD752F2A81C1E5 /* FATCarver.swift */ = {isa = PBXFileReference; lastKnownFileType = sourcecode.swift; path = FATCarver.swift; sourceTree = "<group>"; };
		E438495DF84FBF25DF0E80E0 /* DeviceSelectionViewModel.swift */ = {isa = PBXFileReference; lastKnownFileType = sourcecode.swift; path = DeviceSelectionViewModel.swift; sourceTree = "<group>"; };
		E5493B363900AF1D70C560A7 /* FileRow.swift */ = {isa = PBXFileReference; lastKnownFileType = sourcecode.swift; path = FileRow.swift; sourceTree = "<group>"; };
		EBA88F1F7CF265C2EE9B5A6A /* RecoveryDestinationViewModelTests.swift */ = {isa = PBXFileReference; lastKnownFileType = sourcecode.swift; path = RecoveryDestinationViewModelTests.swift; sourceTree = "<group>"; };
		EDCA43942A279D02A5F642B1 /* EXIFDateExtractor.swift */ = {isa = PBXFileReference; lastKnownFileType = sourcecode.swift; path = EXIFDateExtractor.swift; sourceTree = "<group>"; };
		EE9F0765F5F27901DA2F8F6C /* FragmentedVideoAssemblerTests.swift */ = {isa = PBXFileReference; lastKnownFileType = sourcecode.swift; path = FragmentedVideoAssemblerTests.swift; sourceTree = "<group>"; };
		F159A792417B453FEC784152 /* MP4ReconstructorTests.swift */ = {isa = PBXFileReference; lastKnownFileType = sourcecode.swift; path = MP4ReconstructorTests.swift; sourceTree = "<group>"; };
		F30B62B326803C1F2F157DC1 /* FileRecoveryServiceTests.swift */ = {isa = PBXFileReference; lastKnownFileType = sourcecode.swift; path = FileRecoveryServiceTests.swift; sourceTree = "<group>"; };
		F328A66E93D9B636EB810EFF /* FastScanServiceTests.swift */ = {isa = PBXFileReference; lastKnownFileType = sourcecode.swift; path = FastScanServiceTests.swift; sourceTree = "<group>"; };
		FEE98246DBDA27627B451AB2 /* PartitionSearchService.swift */ = {isa = PBXFileReference; lastKnownFileType = sourcecode.swift; path = PartitionSearchService.swift; sourceTree = "<group>"; };
/* End PBXFileReference section */

/* Begin PBXGroup section */
		033E477F7BFED803B2CA1846 /* Services */ = {
			isa = PBXGroup;
			children = (
				D3C35F606B23E71F2E9DF9C0 /* ExFATScannerTests.swift */,
				F328A66E93D9B636EB810EFF /* FastScanServiceTests.swift */,
				5E437A0241805491AD65C7CC /* FATDirectoryScannerTests.swift */,
				04D47227FE40A9D3359873D7 /* LivePreviewServiceTests.swift */,
				308D1FD7909AFFD68B30FEA7 /* NTFSScannerTests.swift */,
			);
			path = Services;
			sourceTree = "<group>";
		};
		08150CA941515D9522625D1E /* Utilities */ = {
			isa = PBXGroup;
			children = (
				BEBAA18557A524CC25001987 /* AppEnvironment.swift */,
			);
			path = Utilities;
			sourceTree = "<group>";
		};
		0C55ED4D1E139826EB9437D4 /* Views */ = {
			isa = PBXGroup;
			children = (
				3B58A625825440B6FF2CA65A /* DeviceSelection */,
				CAAB180357135AA9FAE9C53B /* FileScan */,
				852AA6463DEBAA07A5CEE8A1 /* RecoveryDestination */,
			);
			path = Views;
			sourceTree = "<group>";
		};
		3B58A625825440B6FF2CA65A /* DeviceSelection */ = {
			isa = PBXGroup;
			children = (
				1E918688D4F2028C641FAE18 /* DeviceRow.swift */,
				8E83C93B6F1D795F64064DE4 /* DeviceSelectionView.swift */,
			);
			path = DeviceSelection;
			sourceTree = "<group>";
		};
		4BC1401259B5E9A408D51FD6 /* Products */ = {
			isa = PBXGroup;
			children = (
				BEF16CD13AF31A261247DF14 /* Vivacity.app */,
				18227BFB530109ACDFC92F53 /* VivacityTests.xctest */,
				DD42EC837C789FF8548959AD /* VivacityUITests.xctest */,
			);
			name = Products;
			sourceTree = "<group>";
		};
		4E81AA7F18029FC4BFD36682 /* Carvers */ = {
			isa = PBXGroup;
			children = (
				EE9F0765F5F27901DA2F8F6C /* FragmentedVideoAssemblerTests.swift */,
				99776D01DC7BE0505962045B /* ImageReconstructorTests.swift */,
				F159A792417B453FEC784152 /* MP4ReconstructorTests.swift */,
			);
			path = Carvers;
			sourceTree = "<group>";
		};
		6F7295E2124C1E5A89A9E831 /* Vivacity */ = {
			isa = PBXGroup;
			children = (
				813F892753186505FE3AC38C /* Assets.xcassets */,
				7440B3EA13CCE7938E850E52 /* ContentView.swift */,
				6533E49B7DC688069A7A69F2 /* VivacityApp.swift */,
				78946D76236B6D775CD19A52 /* Models */,
				B772995E45170C65A665A535 /* Services */,
				08150CA941515D9522625D1E /* Utilities */,
				AF7DBFC6D18122D2DFBD747D /* ViewModels */,
				0C55ED4D1E139826EB9437D4 /* Views */,
			);
			path = Vivacity;
			sourceTree = "<group>";
		};
		78946D76236B6D775CD19A52 /* Models */ = {
			isa = PBXGroup;
			children = (
				36ABDB24E87488F6364810AF /* CameraProfile.swift */,
				147E9D157D854956E181E709 /* FATModels.swift */,
				1945E20E8BA8053B6887B09C /* FileSignature.swift */,
				5A703308D82EE993CC2056AE /* RecoverableFile.swift */,
				24242E6231C18ABCF95AFB4E /* ScanSession.swift */,
				47DDDF1923CF4817747DF896 /* StorageDevice.swift */,
				C013657BBAB37D35EFD9EA80 /* VolumeInfo.swift */,
			);
			path = Models;
			sourceTree = "<group>";
		};
		7CF3B5D299AC0C4AA62EE234 /* VivacityUITests */ = {
			isa = PBXGroup;
			children = (
				737C64196EDFE4E331A56C79 /* VivacityUITests.swift */,
			);
			path = VivacityUITests;
			sourceTree = "<group>";
		};
		852AA6463DEBAA07A5CEE8A1 /* RecoveryDestination */ = {
			isa = PBXGroup;
			children = (
				26734D6609F8840799867BE5 /* RecoveryDestinationView.swift */,
			);
			path = RecoveryDestination;
			sourceTree = "<group>";
		};
		96BC7E72CD536AFD18C77A4A = {
			isa = PBXGroup;
			children = (
				6F7295E2124C1E5A89A9E831 /* Vivacity */,
				A9928E11A8A90E5297C40C2C /* VivacityTests */,
				7CF3B5D299AC0C4AA62EE234 /* VivacityUITests */,
				4BC1401259B5E9A408D51FD6 /* Products */,
			);
			sourceTree = "<group>";
		};
		A9928E11A8A90E5297C40C2C /* VivacityTests */ = {
			isa = PBXGroup;
			children = (
				188035211EA15281770871C3 /* CameraRecoveryServiceTests.swift */,
				80134CC6A91C8B1CB704DCBF /* CarverTests.swift */,
				2450B5276362C5741A3A8564 /* DeepScanServiceTests.swift */,
				3D6181B986D79D12FBB4FA98 /* DiskImageServiceTests.swift */,
				32EA9481366D101CD6BC3BF8 /* FakePrivilegedDiskReader.swift */,
				F30B62B326803C1F2F157DC1 /* FileRecoveryServiceTests.swift */,
				C743B5D3071301D629129F47 /* FileScanViewModelTests.swift */,
				0938BB457C5B7EC36673B570 /* PartitionSearchServiceTests.swift */,
				EBA88F1F7CF265C2EE9B5A6A /* RecoveryDestinationViewModelTests.swift */,
				CC87F8801F7960504E33CD79 /* SessionManagerTests.swift */,
				4E81AA7F18029FC4BFD36682 /* Carvers */,
				033E477F7BFED803B2CA1846 /* Services */,
			);
			path = VivacityTests;
			sourceTree = "<group>";
		};
		AF7DBFC6D18122D2DFBD747D /* ViewModels */ = {
			isa = PBXGroup;
			children = (
				E438495DF84FBF25DF0E80E0 /* DeviceSelectionViewModel.swift */,
				40C80519E90FBDE89238C379 /* FileScanViewModel.swift */,
				B7294EE81ECC026824472976 /* RecoveryDestinationViewModel.swift */,
			);
			path = ViewModels;
			sourceTree = "<group>";
		};
		B263E397E0EFE2BE7D5354B6 /* Carvers */ = {
			isa = PBXGroup;
			children = (
				35589341E290EB381B7786A9 /* APFSCarver.swift */,
				E1F55BD3D7AD752F2A81C1E5 /* FATCarver.swift */,
				8D678616101D53E95D842ADF /* FragmentedVideoAssembler.swift */,
				E0C32B6E22A21D6EBAFBEBE0 /* HFSPlusCarver.swift */,
				56F8CA23D8B2E1CC4243DB63 /* ImageReconstructor.swift */,
				2A59845E81AECA12DC6FA63C /* MP4Reconstructor.swift */,
			);
			path = Carvers;
			sourceTree = "<group>";
		};
		B772995E45170C65A665A535 /* Services */ = {
			isa = PBXGroup;
			children = (
				49504C7E0FA3974CCFCC0532 /* CameraRecoveryService.swift */,
				57A3C4EE79CD9CBA6438E9FC /* DeepScanService.swift */,
				0AB19FD457E5D574B0C940BA /* DeviceService.swift */,
				3856BA55D26D11EAAB760644 /* DiskImageService.swift */,
				51CA98A2D11611B1D21DC9E4 /* ExFATScanner.swift */,
				EDCA43942A279D02A5F642B1 /* EXIFDateExtractor.swift */,
				5AA0A9A17B9FCF612FC6FE45 /* FastScanService.swift */,
				A85E7667F8D25F8F009CF4C2 /* FATDirectoryScanner.swift */,
				3F82F7C404551CACAD46E9B4 /* FileFooterDetector.swift */,
				8EAAAC3174F2989415E764BF /* FileRecoveryService.swift */,
				C7F778D2D01BDD409132C6CD /* LivePreviewService.swift */,
				831FC83A468C39590799E7EF /* NTFSScanner.swift */,
				FEE98246DBDA27627B451AB2 /* PartitionSearchService.swift */,
				E1A08941DFB93CBD65410D6F /* PrivilegedDiskReader.swift */,
				33B0B5AA1352FC217AF5620D /* PrivilegedDiskReading.swift */,
				A15764732492BC7548B89A6B /* SessionManager.swift */,
				B263E397E0EFE2BE7D5354B6 /* Carvers */,
			);
			path = Services;
			sourceTree = "<group>";
		};
		CAAB180357135AA9FAE9C53B /* FileScan */ = {
			isa = PBXGroup;
			children = (
				C4B3E7CE58D5A886D07B5FA3 /* FilePreviewView.swift */,
				E5493B363900AF1D70C560A7 /* FileRow.swift */,
				14852AB7DED9C33B14908906 /* FileScanView.swift */,
				4FF31BA6DD99ABA35A59EE60 /* PermissionDeniedView.swift */,
			);
			path = FileScan;
			sourceTree = "<group>";
		};
/* End PBXGroup section */

/* Begin PBXNativeTarget section */
		54C0CCFC1155687A093D8E23 /* VivacityUITests */ = {
			isa = PBXNativeTarget;
			buildConfigurationList = DFA2A97A8A1A3E36B4F8B2A8 /* Build configuration list for PBXNativeTarget "VivacityUITests" */;
			buildPhases = (
				079A267CACCD6EDC6EB225C3 /* Sources */,
			);
			buildRules = (
			);
			dependencies = (
				5EB76CF04ED06D495C5C5D04 /* PBXTargetDependency */,
			);
			name = VivacityUITests;
			packageProductDependencies = (
			);
			productName = VivacityUITests;
			productReference = DD42EC837C789FF8548959AD /* VivacityUITests.xctest */;
			productType = "com.apple.product-type.bundle.ui-testing";
		};
		BEF52493ED46F1397A69AFCD /* Vivacity */ = {
			isa = PBXNativeTarget;
			buildConfigurationList = D43022E2D0C37D196888803E /* Build configuration list for PBXNativeTarget "Vivacity" */;
			buildPhases = (
				F1A53DC743FF4EF79E897315 /* SwiftLint */,
				E3013980D5B9CE0C3DECF91D /* Sources */,
				80F332F04D682E0EE955559F /* Resources */,
			);
			buildRules = (
			);
			dependencies = (
			);
			name = Vivacity;
			packageProductDependencies = (
			);
			productName = Vivacity;
			productReference = BEF16CD13AF31A261247DF14 /* Vivacity.app */;
			productType = "com.apple.product-type.application";
		};
		C00ECE2FF40ABDF3D6E1E4C6 /* VivacityTests */ = {
			isa = PBXNativeTarget;
			buildConfigurationList = 1B9864FEB6EE3CFF0961A59B /* Build configuration list for PBXNativeTarget "VivacityTests" */;
			buildPhases = (
				1FF39EB194793558FAB81F12 /* Sources */,
			);
			buildRules = (
			);
			dependencies = (
				D06ACF1B5E881065D30AF2EC /* PBXTargetDependency */,
			);
			name = VivacityTests;
			packageProductDependencies = (
			);
			productName = VivacityTests;
			productReference = 18227BFB530109ACDFC92F53 /* VivacityTests.xctest */;
			productType = "com.apple.product-type.bundle.unit-test";
		};
/* End PBXNativeTarget section */

/* Begin PBXProject section */
		3340BCC9F4AC22F94A50B57E /* Project object */ = {
			isa = PBXProject;
			attributes = {
				BuildIndependentTargetsInParallel = YES;
				LastUpgradeCheck = 1430;
				TargetAttributes = {
					54C0CCFC1155687A093D8E23 = {
						TestTargetID = BEF52493ED46F1397A69AFCD;
					};
				};
			};
			buildConfigurationList = 3B344E4F2E9622ADEBF2A310 /* Build configuration list for PBXProject "Vivacity" */;
			compatibilityVersion = "Xcode 14.0";
			developmentRegion = en;
			hasScannedForEncodings = 0;
			knownRegions = (
				Base,
				en,
			);
			mainGroup = 96BC7E72CD536AFD18C77A4A;
			minimizedProjectReferenceProxies = 1;
			preferredProjectObjectVersion = 77;
			projectDirPath = "";
			projectRoot = "";
			targets = (
				BEF52493ED46F1397A69AFCD /* Vivacity */,
				C00ECE2FF40ABDF3D6E1E4C6 /* VivacityTests */,
				54C0CCFC1155687A093D8E23 /* VivacityUITests */,
			);
		};
/* End PBXProject section */

/* Begin PBXResourcesBuildPhase section */
		80F332F04D682E0EE955559F /* Resources */ = {
			isa = PBXResourcesBuildPhase;
			buildActionMask = 2147483647;
			files = (
				90ADCF266A4922BF51B28BCE /* Assets.xcassets in Resources */,
			);
			runOnlyForDeploymentPostprocessing = 0;
		};
/* End PBXResourcesBuildPhase section */

/* Begin PBXShellScriptBuildPhase section */
		F1A53DC743FF4EF79E897315 /* SwiftLint */ = {
			isa = PBXShellScriptBuildPhase;
			buildActionMask = 2147483647;
			files = (
			);
			inputFileListPaths = (
			);
			inputPaths = (
			);
			name = SwiftLint;
			outputFileListPaths = (
			);
			outputPaths = (
				"$(DERIVED_FILE_DIR)/swiftlint.done",
			);
			runOnlyForDeploymentPostprocessing = 0;
			shellPath = /bin/sh;
			shellScript = "cd \"${SRCROOT}\"\nexport PATH=\"$PATH:/opt/homebrew/bin\"\nif which swiftlint >/dev/null; then\n  swiftlint\nelse\n  echo \"warning: SwiftLint not installed, download from https://github.com/realm/SwiftLint\"\nfi\ntouch \"${DERIVED_FILE_DIR}/swiftlint.done\"\n";
		};
/* End PBXShellScriptBuildPhase section */

/* Begin PBXSourcesBuildPhase section */
		079A267CACCD6EDC6EB225C3 /* Sources */ = {
			isa = PBXSourcesBuildPhase;
			buildActionMask = 2147483647;
			files = (
				F90C6BA0B2A199C6EE4ED01A /* VivacityUITests.swift in Sources */,
			);
			runOnlyForDeploymentPostprocessing = 0;
		};
		1FF39EB194793558FAB81F12 /* Sources */ = {
			isa = PBXSourcesBuildPhase;
			buildActionMask = 2147483647;
			files = (
				F4FC8612E092BE27D16C4CF9 /* CameraRecoveryServiceTests.swift in Sources */,
				3F2B58EC0753290F6EF7D672 /* CarverTests.swift in Sources */,
				3C0F3AF8694F9CF2C86233FA /* DeepScanServiceTests.swift in Sources */,
				0D024DE5C9BE18F37CC324FB /* DiskImageServiceTests.swift in Sources */,
				505E98525DAC2611DCD6ABC9 /* ExFATScannerTests.swift in Sources */,
				1C52BC48EDF23A77F9D59AD1 /* FATDirectoryScannerTests.swift in Sources */,
				C01A1DEFA19003CE68313A24 /* FakePrivilegedDiskReader.swift in Sources */,
				E37320DC60A55C997C57F29F /* FastScanServiceTests.swift in Sources */,
				AA2682061279386E0DE9E844 /* FileRecoveryServiceTests.swift in Sources */,
				5AF2F324C0E3C39E41BB035D /* FileScanViewModelTests.swift in Sources */,
				3D0916B36C3729CE03391262 /* FragmentedVideoAssemblerTests.swift in Sources */,
				D2C851A3DCE068A2F499EEA7 /* ImageReconstructorTests.swift in Sources */,
				82FE3AA9D396AF34053C302D /* LivePreviewServiceTests.swift in Sources */,
				E33DD69245EBDC574B61C7D1 /* MP4ReconstructorTests.swift in Sources */,
				C72E56A5B276A94350B5305A /* NTFSScannerTests.swift in Sources */,
				AC518D2E85AAF57ECF7D54F0 /* PartitionSearchServiceTests.swift in Sources */,
				E620E61C0A86029781320113 /* RecoveryDestinationViewModelTests.swift in Sources */,
				65DF8D6F94C2E95104B6CC35 /* SessionManagerTests.swift in Sources */,
			);
			runOnlyForDeploymentPostprocessing = 0;
		};
		E3013980D5B9CE0C3DECF91D /* Sources */ = {
			isa = PBXSourcesBuildPhase;
			buildActionMask = 2147483647;
			files = (
				620E9B53A9A33B0B758A4EA2 /* APFSCarver.swift in Sources */,
				077A51E17D05FE7ECF5E5319 /* AppEnvironment.swift in Sources */,
				D2AA554B09B80A92FA955699 /* CameraProfile.swift in Sources */,
				9DAA1D7937850B64857CE3D6 /* CameraRecoveryService.swift in Sources */,
				06058B0CCD28359644C30B40 /* ContentView.swift in Sources */,
				2148DC54C9E64686933B6BDA /* DeepScanService.swift in Sources */,
				D4479992C89F5F39F53D70AF /* DeviceRow.swift in Sources */,
				4D379CD5745376C750B82D4D /* DeviceSelectionView.swift in Sources */,
				0CF30080EDD11D61C3C17999 /* DeviceSelectionViewModel.swift in Sources */,
				F403E78ECD2996000F3D4E28 /* DeviceService.swift in Sources */,
				C362E67B3C40C3C56D8C967C /* DiskImageService.swift in Sources */,
				E91CB9C3A20A40FA2B92E1E4 /* EXIFDateExtractor.swift in Sources */,
				D85861E815D6EF7AF08F1255 /* ExFATScanner.swift in Sources */,
				3C2EDAFBD340B305A7EAA95D /* FATCarver.swift in Sources */,
				5059248ADC0B93DD4CF25089 /* FATDirectoryScanner.swift in Sources */,
				B09F3FE39A46053B770371D4 /* FATModels.swift in Sources */,
				B3DEE11310570E526AC4FF71 /* FastScanService.swift in Sources */,
				F4317D7E523A05AFA39327E4 /* FileFooterDetector.swift in Sources */,
				5D930053FCEA04ACFC6218C8 /* FilePreviewView.swift in Sources */,
				9B13E0E0351DC880554E363B /* FileRecoveryService.swift in Sources */,
				11CAFCEB273970561391B100 /* FileRow.swift in Sources */,
				1BB2289F9DC3F580906419CD /* FileScanView.swift in Sources */,
				58A5E2C4D810CB8724BAF916 /* FileScanViewModel.swift in Sources */,
				99FDB593D0F035BFC7D99F48 /* FileSignature.swift in Sources */,
				AA71CE302C1F5E41C39346BC /* FragmentedVideoAssembler.swift in Sources */,
				2F0D0F45F1A4CBAC0394E70F /* HFSPlusCarver.swift in Sources */,
				CC63020F3592BB3E3B003D98 /* ImageReconstructor.swift in Sources */,
				03A99E3159E4EDB20C010DB2 /* LivePreviewService.swift in Sources */,
				859C7C30E2EBA34F0DAEB6FE /* MP4Reconstructor.swift in Sources */,
				D0FB6B25B26231CD99094656 /* NTFSScanner.swift in Sources */,
				00931C01885F0F6958E83677 /* PartitionSearchService.swift in Sources */,
				81BD73D2EDC959AD2A6ABEC4 /* PermissionDeniedView.swift in Sources */,
				104CEB2634E1AA065DF610F5 /* PrivilegedDiskReader.swift in Sources */,
				B064934E4833CC896249EF08 /* PrivilegedDiskReading.swift in Sources */,
				367E9FE7B65042D7D57FBF56 /* RecoverableFile.swift in Sources */,
				74082CAD78D63C4D06E31A38 /* RecoveryDestinationView.swift in Sources */,
				F1CAB5A0B0D48514F9497299 /* RecoveryDestinationViewModel.swift in Sources */,
				8321203437AFB541AFAE30F0 /* ScanSession.swift in Sources */,
				11652FFD851388C39A5211FC /* SessionManager.swift in Sources */,
				CCDC94EFA27610887A07ECB7 /* StorageDevice.swift in Sources */,
				A01970202BB5192A4F3A5D8A /* VivacityApp.swift in Sources */,
				F9792417A52D1B8C92977143 /* VolumeInfo.swift in Sources */,
			);
			runOnlyForDeploymentPostprocessing = 0;
		};
/* End PBXSourcesBuildPhase section */

/* Begin PBXTargetDependency section */
		5EB76CF04ED06D495C5C5D04 /* PBXTargetDependency */ = {
			isa = PBXTargetDependency;
			target = BEF52493ED46F1397A69AFCD /* Vivacity */;
			targetProxy = 07F87DCCC18620DD0B3F366D /* PBXContainerItemProxy */;
		};
		D06ACF1B5E881065D30AF2EC /* PBXTargetDependency */ = {
			isa = PBXTargetDependency;
			target = BEF52493ED46F1397A69AFCD /* Vivacity */;
			targetProxy = E2596597E3878067FE7C8C15 /* PBXContainerItemProxy */;
		};
/* End PBXTargetDependency section */

/* Begin XCBuildConfiguration section */
		230648499FBD8DEE35771443 /* Debug */ = {
			isa = XCBuildConfiguration;
			buildSettings = {
				ALWAYS_SEARCH_USER_PATHS = NO;
				CLANG_ANALYZER_NONNULL = YES;
				CLANG_ANALYZER_NUMBER_OBJECT_CONVERSION = YES_AGGRESSIVE;
				CLANG_CXX_LANGUAGE_STANDARD = "gnu++14";
				CLANG_CXX_LIBRARY = "libc++";
				CLANG_ENABLE_MODULES = YES;
				CLANG_ENABLE_OBJC_ARC = YES;
				CLANG_ENABLE_OBJC_WEAK = YES;
				CLANG_WARN_BLOCK_CAPTURE_AUTORELEASING = YES;
				CLANG_WARN_BOOL_CONVERSION = YES;
				CLANG_WARN_COMMA = YES;
				CLANG_WARN_CONSTANT_CONVERSION = YES;
				CLANG_WARN_DEPRECATED_OBJC_IMPLEMENTATIONS = YES;
				CLANG_WARN_DIRECT_OBJC_ISA_USAGE = YES_ERROR;
				CLANG_WARN_DOCUMENTATION_COMMENTS = YES;
				CLANG_WARN_EMPTY_BODY = YES;
				CLANG_WARN_ENUM_CONVERSION = YES;
				CLANG_WARN_INFINITE_RECURSION = YES;
				CLANG_WARN_INT_CONVERSION = YES;
				CLANG_WARN_NON_LITERAL_NULL_CONVERSION = YES;
				CLANG_WARN_OBJC_IMPLICIT_RETAIN_SELF = YES;
				CLANG_WARN_OBJC_LITERAL_CONVERSION = YES;
				CLANG_WARN_OBJC_ROOT_CLASS = YES_ERROR;
				CLANG_WARN_QUOTED_INCLUDE_IN_FRAMEWORK_HEADER = YES;
				CLANG_WARN_RANGE_LOOP_ANALYSIS = YES;
				CLANG_WARN_STRICT_PROTOTYPES = YES;
				CLANG_WARN_SUSPICIOUS_MOVE = YES;
				CLANG_WARN_UNGUARDED_AVAILABILITY = YES_AGGRESSIVE;
				CLANG_WARN_UNREACHABLE_CODE = YES;
				CLANG_WARN__DUPLICATE_METHOD_MATCH = YES;
				COPY_PHASE_STRIP = NO;
				DEBUG_INFORMATION_FORMAT = dwarf;
				ENABLE_STRICT_OBJC_MSGSEND = YES;
				ENABLE_TESTABILITY = YES;
				GCC_C_LANGUAGE_STANDARD = gnu11;
				GCC_DYNAMIC_NO_PIC = NO;
				GCC_NO_COMMON_BLOCKS = YES;
				GCC_OPTIMIZATION_LEVEL = 0;
				GCC_PREPROCESSOR_DEFINITIONS = (
					"$(inherited)",
					"DEBUG=1",
				);
				GCC_WARN_64_TO_32_BIT_CONVERSION = YES;
				GCC_WARN_ABOUT_RETURN_TYPE = YES_ERROR;
				GCC_WARN_UNDECLARED_SELECTOR = YES;
				GCC_WARN_UNINITIALIZED_AUTOS = YES_AGGRESSIVE;
				GCC_WARN_UNUSED_FUNCTION = YES;
				GCC_WARN_UNUSED_VARIABLE = YES;
				GENERATE_INFOPLIST_FILE = YES;
				MACOSX_DEPLOYMENT_TARGET = 14.0;
				MTL_ENABLE_DEBUG_INFO = INCLUDE_SOURCE;
				MTL_FAST_MATH = YES;
				ONLY_ACTIVE_ARCH = YES;
				PRODUCT_NAME = "$(TARGET_NAME)";
				SDKROOT = macosx;
				SWIFT_ACTIVE_COMPILATION_CONDITIONS = DEBUG;
				SWIFT_OPTIMIZATION_LEVEL = "-Onone";
				SWIFT_VERSION = 5.0;
			};
			name = Debug;
		};
		3BA9C42F9387FECC5BF1141B /* Release */ = {
			isa = XCBuildConfiguration;
			buildSettings = {
				BUNDLE_LOADER = "$(TEST_HOST)";
				COMBINE_HIDPI_IMAGES = YES;
				LD_RUNPATH_SEARCH_PATHS = (
					"$(inherited)",
					"@executable_path/../Frameworks",
					"@loader_path/../Frameworks",
				);
				PRODUCT_BUNDLE_IDENTIFIER = com.joao.VivacityTests;
				PRODUCT_NAME = VivacityTests;
				SDKROOT = macosx;
				TEST_HOST = "$(BUILT_PRODUCTS_DIR)/Vivacity.app/Contents/MacOS/Vivacity";
			};
			name = Release;
		};
		426F9981B61EEDCD58E75B71 /* Debug */ = {
			isa = XCBuildConfiguration;
			buildSettings = {
				ASSETCATALOG_COMPILER_APPICON_NAME = AppIcon;
				CODE_SIGN_ENTITLEMENTS = Vivacity/Vivacity.entitlements;
				COMBINE_HIDPI_IMAGES = YES;
				CURRENT_PROJECT_VERSION = 1;
				ENABLE_HARDENED_RUNTIME = NO;
				LD_RUNPATH_SEARCH_PATHS = (
					"$(inherited)",
					"@executable_path/../Frameworks",
				);
				MARKETING_VERSION = 1.0;
				PRODUCT_BUNDLE_IDENTIFIER = com.joao.Vivacity;
				PRODUCT_NAME = Vivacity;
				SDKROOT = macosx;
				SWIFT_EMIT_LOC_STRINGS = YES;
			};
			name = Debug;
		};
		563A207CEA59ECAB2B3BEC02 /* Debug */ = {
			isa = XCBuildConfiguration;
			buildSettings = {
				BUNDLE_LOADER = "$(TEST_HOST)";
				COMBINE_HIDPI_IMAGES = YES;
				LD_RUNPATH_SEARCH_PATHS = (
					"$(inherited)",
					"@executable_path/Frameworks",
					"@loader_path/Frameworks",
				);
				PRODUCT_BUNDLE_IDENTIFIER = com.joao.VivacityUITests;
				PRODUCT_NAME = VivacityUITests;
				SDKROOT = macosx;
				TEST_TARGET_NAME = Vivacity;
			};
			name = Debug;
		};
		C2AD05B0172D921124C929CB /* Release */ = {
			isa = XCBuildConfiguration;
			buildSettings = {
				ALWAYS_SEARCH_USER_PATHS = NO;
				CLANG_ANALYZER_NONNULL = YES;
				CLANG_ANALYZER_NUMBER_OBJECT_CONVERSION = YES_AGGRESSIVE;
				CLANG_CXX_LANGUAGE_STANDARD = "gnu++14";
				CLANG_CXX_LIBRARY = "libc++";
				CLANG_ENABLE_MODULES = YES;
				CLANG_ENABLE_OBJC_ARC = YES;
				CLANG_ENABLE_OBJC_WEAK = YES;
				CLANG_WARN_BLOCK_CAPTURE_AUTORELEASING = YES;
				CLANG_WARN_BOOL_CONVERSION = YES;
				CLANG_WARN_COMMA = YES;
				CLANG_WARN_CONSTANT_CONVERSION = YES;
				CLANG_WARN_DEPRECATED_OBJC_IMPLEMENTATIONS = YES;
				CLANG_WARN_DIRECT_OBJC_ISA_USAGE = YES_ERROR;
				CLANG_WARN_DOCUMENTATION_COMMENTS = YES;
				CLANG_WARN_EMPTY_BODY = YES;
				CLANG_WARN_ENUM_CONVERSION = YES;
				CLANG_WARN_INFINITE_RECURSION = YES;
				CLANG_WARN_INT_CONVERSION = YES;
				CLANG_WARN_NON_LITERAL_NULL_CONVERSION = YES;
				CLANG_WARN_OBJC_IMPLICIT_RETAIN_SELF = YES;
				CLANG_WARN_OBJC_LITERAL_CONVERSION = YES;
				CLANG_WARN_OBJC_ROOT_CLASS = YES_ERROR;
				CLANG_WARN_QUOTED_INCLUDE_IN_FRAMEWORK_HEADER = YES;
				CLANG_WARN_RANGE_LOOP_ANALYSIS = YES;
				CLANG_WARN_STRICT_PROTOTYPES = YES;
				CLANG_WARN_SUSPICIOUS_MOVE = YES;
				CLANG_WARN_UNGUARDED_AVAILABILITY = YES_AGGRESSIVE;
				CLANG_WARN_UNREACHABLE_CODE = YES;
				CLANG_WARN__DUPLICATE_METHOD_MATCH = YES;
				COPY_PHASE_STRIP = NO;
				DEBUG_INFORMATION_FORMAT = "dwarf-with-dsym";
				ENABLE_NS_ASSERTIONS = NO;
				ENABLE_STRICT_OBJC_MSGSEND = YES;
				GCC_C_LANGUAGE_STANDARD = gnu11;
				GCC_NO_COMMON_BLOCKS = YES;
				GCC_WARN_64_TO_32_BIT_CONVERSION = YES;
				GCC_WARN_ABOUT_RETURN_TYPE = YES_ERROR;
				GCC_WARN_UNDECLARED_SELECTOR = YES;
				GCC_WARN_UNINITIALIZED_AUTOS = YES_AGGRESSIVE;
				GCC_WARN_UNUSED_FUNCTION = YES;
				GCC_WARN_UNUSED_VARIABLE = YES;
				GENERATE_INFOPLIST_FILE = YES;
				MACOSX_DEPLOYMENT_TARGET = 14.0;
				MTL_ENABLE_DEBUG_INFO = NO;
				MTL_FAST_MATH = YES;
				PRODUCT_NAME = "$(TARGET_NAME)";
				SDKROOT = macosx;
				SWIFT_COMPILATION_MODE = wholemodule;
				SWIFT_OPTIMIZATION_LEVEL = "-O";
				SWIFT_VERSION = 5.0;
			};
			name = Release;
		};
		C7512D96AB02137074076F7E /* Release */ = {
			isa = XCBuildConfiguration;
			buildSettings = {
				BUNDLE_LOADER = "$(TEST_HOST)";
				COMBINE_HIDPI_IMAGES = YES;
				LD_RUNPATH_SEARCH_PATHS = (
					"$(inherited)",
					"@executable_path/Frameworks",
					"@loader_path/Frameworks",
				);
				PRODUCT_BUNDLE_IDENTIFIER = com.joao.VivacityUITests;
				PRODUCT_NAME = VivacityUITests;
				SDKROOT = macosx;
				TEST_TARGET_NAME = Vivacity;
			};
			name = Release;
		};
		EF3E9C0BDCF304D70B1ADF6F /* Release */ = {
			isa = XCBuildConfiguration;
			buildSettings = {
				ASSETCATALOG_COMPILER_APPICON_NAME = AppIcon;
				CODE_SIGN_ENTITLEMENTS = Vivacity/Vivacity.entitlements;
				COMBINE_HIDPI_IMAGES = YES;
				CURRENT_PROJECT_VERSION = 1;
				ENABLE_HARDENED_RUNTIME = NO;
				LD_RUNPATH_SEARCH_PATHS = (
					"$(inherited)",
					"@executable_path/../Frameworks",
				);
				MARKETING_VERSION = 1.0;
				PRODUCT_BUNDLE_IDENTIFIER = com.joao.Vivacity;
				PRODUCT_NAME = Vivacity;
				SDKROOT = macosx;
				SWIFT_EMIT_LOC_STRINGS = YES;
			};
			name = Release;
		};
		FAB0E0FBA3C3187068678A89 /* Debug */ = {
			isa = XCBuildConfiguration;
			buildSettings = {
				BUNDLE_LOADER = "$(TEST_HOST)";
				COMBINE_HIDPI_IMAGES = YES;
				LD_RUNPATH_SEARCH_PATHS = (
					"$(inherited)",
					"@executable_path/../Frameworks",
					"@loader_path/../Frameworks",
				);
				PRODUCT_BUNDLE_IDENTIFIER = com.joao.VivacityTests;
				PRODUCT_NAME = VivacityTests;
				SDKROOT = macosx;
				TEST_HOST = "$(BUILT_PRODUCTS_DIR)/Vivacity.app/Contents/MacOS/Vivacity";
			};
			name = Debug;
		};
/* End XCBuildConfiguration section */

/* Begin XCConfigurationList section */
		1B9864FEB6EE3CFF0961A59B /* Build configuration list for PBXNativeTarget "VivacityTests" */ = {
			isa = XCConfigurationList;
			buildConfigurations = (
				FAB0E0FBA3C3187068678A89 /* Debug */,
				3BA9C42F9387FECC5BF1141B /* Release */,
			);
			defaultConfigurationIsVisible = 0;
			defaultConfigurationName = Debug;
		};
		3B344E4F2E9622ADEBF2A310 /* Build configuration list for PBXProject "Vivacity" */ = {
			isa = XCConfigurationList;
			buildConfigurations = (
				230648499FBD8DEE35771443 /* Debug */,
				C2AD05B0172D921124C929CB /* Release */,
			);
			defaultConfigurationIsVisible = 0;
			defaultConfigurationName = Debug;
		};
		D43022E2D0C37D196888803E /* Build configuration list for PBXNativeTarget "Vivacity" */ = {
			isa = XCConfigurationList;
			buildConfigurations = (
				426F9981B61EEDCD58E75B71 /* Debug */,
				EF3E9C0BDCF304D70B1ADF6F /* Release */,
			);
			defaultConfigurationIsVisible = 0;
			defaultConfigurationName = Debug;
		};
		DFA2A97A8A1A3E36B4F8B2A8 /* Build configuration list for PBXNativeTarget "VivacityUITests" */ = {
			isa = XCConfigurationList;
			buildConfigurations = (
				563A207CEA59ECAB2B3BEC02 /* Debug */,
				C7512D96AB02137074076F7E /* Release */,
			);
			defaultConfigurationIsVisible = 0;
			defaultConfigurationName = Debug;
		};
/* End XCConfigurationList section */
	};
	rootObject = 3340BCC9F4AC22F94A50B57E /* Project object */;
}
