// !$*UTF8*$!
{
	archiveVersion = 1;
	classes = {
	};
	objectVersion = 56;
	objects = {

/* Begin PBXBuildFile section */
		4155C6FBA2014067BFC7AD0C /* PermissionService.swift in Sources */ = {isa = PBXBuildFile; fileRef = 32ADC0CF01034B5E9F3584F1 /* PermissionService.swift */; };
		53042BE3A8A7C4D7E26D1653 /* FATModels.swift in Sources */ = {isa = PBXBuildFile; fileRef = 701C8C0145874A1017A1233A /* FATModels.swift */; };
		AA000001 /* VivacityApp.swift in Sources */ = {isa = PBXBuildFile; fileRef = AA000010 /* VivacityApp.swift */; };
		AA000002 /* ContentView.swift in Sources */ = {isa = PBXBuildFile; fileRef = AA000011 /* ContentView.swift */; };
		AA000003 /* Assets.xcassets in Resources */ = {isa = PBXBuildFile; fileRef = AA000012 /* Assets.xcassets */; };
		BB000001 /* StorageDevice.swift in Sources */ = {isa = PBXBuildFile; fileRef = BB000010 /* StorageDevice.swift */; };
		BB000002 /* DeviceService.swift in Sources */ = {isa = PBXBuildFile; fileRef = BB000011 /* DeviceService.swift */; };
		BB000003 /* DeviceSelectionViewModel.swift in Sources */ = {isa = PBXBuildFile; fileRef = BB000012 /* DeviceSelectionViewModel.swift */; };
		BB000004 /* DeviceSelectionView.swift in Sources */ = {isa = PBXBuildFile; fileRef = BB000013 /* DeviceSelectionView.swift */; };
		BB000005 /* DeviceRow.swift in Sources */ = {isa = PBXBuildFile; fileRef = BB000014 /* DeviceRow.swift */; };
		BF9DF821A5074909AFDC5BD8 /* PermissionDeniedView.swift in Sources */ = {isa = PBXBuildFile; fileRef = 85684069117F459BA261B91B /* PermissionDeniedView.swift */; };
		CC000001 /* FileSignature.swift in Sources */ = {isa = PBXBuildFile; fileRef = CC000010 /* FileSignature.swift */; };
		CC000002 /* RecoverableFile.swift in Sources */ = {isa = PBXBuildFile; fileRef = CC000011 /* RecoverableFile.swift */; };
		CC000003 /* FastScanService.swift in Sources */ = {isa = PBXBuildFile; fileRef = CC000012 /* FastScanService.swift */; };
		CC000004 /* DeepScanService.swift in Sources */ = {isa = PBXBuildFile; fileRef = CC000013 /* DeepScanService.swift */; };
		CC000005 /* FileScanViewModel.swift in Sources */ = {isa = PBXBuildFile; fileRef = CC000014 /* FileScanViewModel.swift */; };
		CC000006 /* FileScanView.swift in Sources */ = {isa = PBXBuildFile; fileRef = CC000015 /* FileScanView.swift */; };
		CC000007 /* FileRow.swift in Sources */ = {isa = PBXBuildFile; fileRef = CC000016 /* FileRow.swift */; };
		CC000008 /* FilePreviewView.swift in Sources */ = {isa = PBXBuildFile; fileRef = CC000017 /* FilePreviewView.swift */; };
		DD000001 /* VolumeInfo.swift in Sources */ = {isa = PBXBuildFile; fileRef = DD000010 /* VolumeInfo.swift */; };
		DD000002 /* FATDirectoryScanner.swift in Sources */ = {isa = PBXBuildFile; fileRef = DD000011 /* FATDirectoryScanner.swift */; };
		DD000003 /* NTFSScanner.swift in Sources */ = {isa = PBXBuildFile; fileRef = DD000012 /* NTFSScanner.swift */; };
		DD000004 /* ExFATScanner.swift in Sources */ = {isa = PBXBuildFile; fileRef = DD000013 /* ExFATScanner.swift */; };
		DD000005 /* EXIFDateExtractor.swift in Sources */ = {isa = PBXBuildFile; fileRef = DD000014 /* EXIFDateExtractor.swift */; };
		EE000001 /* PrivilegedDiskReader.swift in Sources */ = {isa = PBXBuildFile; fileRef = EE000010 /* PrivilegedDiskReader.swift */; };
/* End PBXBuildFile section */

/* Begin PBXFileReference section */
		32ADC0CF01034B5E9F3584F1 /* PermissionService.swift */ = {isa = PBXFileReference; lastKnownFileType = sourcecode.swift; path = PermissionService.swift; sourceTree = "<group>"; };
		701C8C0145874A1017A1233A /* FATModels.swift */ = {isa = PBXFileReference; includeInIndex = 1; lastKnownFileType = sourcecode.swift; path = FATModels.swift; sourceTree = "<group>"; };
		85684069117F459BA261B91B /* PermissionDeniedView.swift */ = {isa = PBXFileReference; lastKnownFileType = sourcecode.swift; path = PermissionDeniedView.swift; sourceTree = "<group>"; };
		AA000010 /* VivacityApp.swift */ = {isa = PBXFileReference; lastKnownFileType = sourcecode.swift; path = VivacityApp.swift; sourceTree = "<group>"; };
		AA000011 /* ContentView.swift */ = {isa = PBXFileReference; lastKnownFileType = sourcecode.swift; path = ContentView.swift; sourceTree = "<group>"; };
		AA000012 /* Assets.xcassets */ = {isa = PBXFileReference; lastKnownFileType = folder.assetcatalog; path = Assets.xcassets; sourceTree = "<group>"; };
		AA000013 /* Vivacity.entitlements */ = {isa = PBXFileReference; lastKnownFileType = text.plist.entitlements; path = Vivacity.entitlements; sourceTree = "<group>"; };
		AA000020 /* Vivacity.app */ = {isa = PBXFileReference; explicitFileType = wrapper.application; includeInIndex = 0; path = Vivacity.app; sourceTree = BUILT_PRODUCTS_DIR; };
		BB000010 /* StorageDevice.swift */ = {isa = PBXFileReference; lastKnownFileType = sourcecode.swift; path = StorageDevice.swift; sourceTree = "<group>"; };
		BB000011 /* DeviceService.swift */ = {isa = PBXFileReference; lastKnownFileType = sourcecode.swift; path = DeviceService.swift; sourceTree = "<group>"; };
		BB000012 /* DeviceSelectionViewModel.swift */ = {isa = PBXFileReference; lastKnownFileType = sourcecode.swift; path = DeviceSelectionViewModel.swift; sourceTree = "<group>"; };
		BB000013 /* DeviceSelectionView.swift */ = {isa = PBXFileReference; lastKnownFileType = sourcecode.swift; path = DeviceSelectionView.swift; sourceTree = "<group>"; };
		BB000014 /* DeviceRow.swift */ = {isa = PBXFileReference; lastKnownFileType = sourcecode.swift; path = DeviceRow.swift; sourceTree = "<group>"; };
		CC000010 /* FileSignature.swift */ = {isa = PBXFileReference; lastKnownFileType = sourcecode.swift; path = FileSignature.swift; sourceTree = "<group>"; };
		CC000011 /* RecoverableFile.swift */ = {isa = PBXFileReference; lastKnownFileType = sourcecode.swift; path = RecoverableFile.swift; sourceTree = "<group>"; };
		CC000012 /* FastScanService.swift */ = {isa = PBXFileReference; lastKnownFileType = sourcecode.swift; path = FastScanService.swift; sourceTree = "<group>"; };
		CC000013 /* DeepScanService.swift */ = {isa = PBXFileReference; lastKnownFileType = sourcecode.swift; path = DeepScanService.swift; sourceTree = "<group>"; };
		CC000014 /* FileScanViewModel.swift */ = {isa = PBXFileReference; lastKnownFileType = sourcecode.swift; path = FileScanViewModel.swift; sourceTree = "<group>"; };
		CC000015 /* FileScanView.swift */ = {isa = PBXFileReference; lastKnownFileType = sourcecode.swift; path = FileScanView.swift; sourceTree = "<group>"; };
		CC000016 /* FileRow.swift */ = {isa = PBXFileReference; lastKnownFileType = sourcecode.swift; path = FileRow.swift; sourceTree = "<group>"; };
		CC000017 /* FilePreviewView.swift */ = {isa = PBXFileReference; lastKnownFileType = sourcecode.swift; path = FilePreviewView.swift; sourceTree = "<group>"; };
		DD000010 /* VolumeInfo.swift */ = {isa = PBXFileReference; lastKnownFileType = sourcecode.swift; path = VolumeInfo.swift; sourceTree = "<group>"; };
		DD000011 /* FATDirectoryScanner.swift */ = {isa = PBXFileReference; lastKnownFileType = sourcecode.swift; path = FATDirectoryScanner.swift; sourceTree = "<group>"; };
		DD000012 /* NTFSScanner.swift */ = {isa = PBXFileReference; lastKnownFileType = sourcecode.swift; path = NTFSScanner.swift; sourceTree = "<group>"; };
		DD000013 /* ExFATScanner.swift */ = {isa = PBXFileReference; lastKnownFileType = sourcecode.swift; path = ExFATScanner.swift; sourceTree = "<group>"; };
		DD000014 /* EXIFDateExtractor.swift */ = {isa = PBXFileReference; lastKnownFileType = sourcecode.swift; path = EXIFDateExtractor.swift; sourceTree = "<group>"; };
		EE000010 /* PrivilegedDiskReader.swift */ = {isa = PBXFileReference; lastKnownFileType = sourcecode.swift; path = PrivilegedDiskReader.swift; sourceTree = "<group>"; };
/* End PBXFileReference section */

/* Begin PBXFrameworksBuildPhase section */
		AA000030 /* Frameworks */ = {
			isa = PBXFrameworksBuildPhase;
			buildActionMask = 2147483647;
			files = (
			);
			runOnlyForDeploymentPostprocessing = 0;
		};
/* End PBXFrameworksBuildPhase section */

/* Begin PBXGroup section */
		AA000040 = {
			isa = PBXGroup;
			children = (
				AA000041 /* Vivacity */,
				AA000042 /* Products */,
			);
			sourceTree = "<group>";
		};
		AA000041 /* Vivacity */ = {
			isa = PBXGroup;
			children = (
				AA000010 /* VivacityApp.swift */,
				AA000011 /* ContentView.swift */,
				BB000020 /* Models */,
				BB000021 /* Services */,
				BB000022 /* ViewModels */,
				BB000023 /* Views */,
				AA000012 /* Assets.xcassets */,
				AA000013 /* Vivacity.entitlements */,
			);
			path = Vivacity;
			sourceTree = "<group>";
		};
		AA000042 /* Products */ = {
			isa = PBXGroup;
			children = (
				AA000020 /* Vivacity.app */,
			);
			name = Products;
			sourceTree = "<group>";
		};
		BB000020 /* Models */ = {
			isa = PBXGroup;
			children = (
				BB000010 /* StorageDevice.swift */,
				CC000010 /* FileSignature.swift */,
				CC000011 /* RecoverableFile.swift */,
				DD000010 /* VolumeInfo.swift */,
				701C8C0145874A1017A1233A /* FATModels.swift */,
			);
			path = Models;
			sourceTree = "<group>";
		};
		BB000021 /* Services */ = {
			isa = PBXGroup;
			children = (
				BB000011 /* DeviceService.swift */,
				CC000012 /* FastScanService.swift */,
				CC000013 /* DeepScanService.swift */,
				DD000011 /* FATDirectoryScanner.swift */,
				DD000014 /* EXIFDateExtractor.swift */,
				DD000012 /* NTFSScanner.swift */,
				DD000013 /* ExFATScanner.swift */,
				32ADC0CF01034B5E9F3584F1 /* PermissionService.swift */,
				EE000010 /* PrivilegedDiskReader.swift */,
			);
			path = Services;
			sourceTree = "<group>";
		};
		BB000022 /* ViewModels */ = {
			isa = PBXGroup;
			children = (
				BB000012 /* DeviceSelectionViewModel.swift */,
				CC000014 /* FileScanViewModel.swift */,
			);
			path = ViewModels;
			sourceTree = "<group>";
		};
		BB000023 /* Views */ = {
			isa = PBXGroup;
			children = (
				BB000024 /* DeviceSelection */,
				CC000020 /* FileScan */,
			);
			path = Views;
			sourceTree = "<group>";
		};
		BB000024 /* DeviceSelection */ = {
			isa = PBXGroup;
			children = (
				BB000013 /* DeviceSelectionView.swift */,
				BB000014 /* DeviceRow.swift */,
			);
			path = DeviceSelection;
			sourceTree = "<group>";
		};
		CC000020 /* FileScan */ = {
			isa = PBXGroup;
			children = (
				CC000015 /* FileScanView.swift */,
				CC000017 /* FilePreviewView.swift */,
				CC000016 /* FileRow.swift */,
				85684069117F459BA261B91B /* PermissionDeniedView.swift */,
			);
			path = FileScan;
			sourceTree = "<group>";
		};
/* End PBXGroup section */

/* Begin PBXNativeTarget section */
		AA000050 /* Vivacity */ = {
			isa = PBXNativeTarget;
			buildConfigurationList = AA000070 /* Build configuration list for PBXNativeTarget "Vivacity" */;
			buildPhases = (
				AA000051 /* Sources */,
				AA000030 /* Frameworks */,
				AA000052 /* Resources */,
				B1B3784DA8232F470F85A39D /* SwiftLint */,
			);
			buildRules = (
			);
			dependencies = (
			);
			name = Vivacity;
			productName = Vivacity;
			productReference = AA000020 /* Vivacity.app */;
			productType = "com.apple.product-type.application";
		};
/* End PBXNativeTarget section */

/* Begin PBXProject section */
		AA000060 /* Project object */ = {
			isa = PBXProject;
			attributes = {
				BuildIndependentTargetsInParallel = 1;
				LastSwiftUpdateCheck = 1500;
				LastUpgradeCheck = 1500;
				TargetAttributes = {
					AA000050 = {
						CreatedOnToolsVersion = 15.0;
					};
				};
			};
			buildConfigurationList = AA000080 /* Build configuration list for PBXProject "Vivacity" */;
			compatibilityVersion = "Xcode 14.0";
			developmentRegion = en;
			hasScannedForEncodings = 0;
			knownRegions = (
				en,
				Base,
			);
			mainGroup = AA000040;
			productRefGroup = AA000042 /* Products */;
			projectDirPath = "";
			projectRoot = "";
			targets = (
				AA000050 /* Vivacity */,
			);
		};
/* End PBXProject section */

/* Begin PBXResourcesBuildPhase section */
		AA000052 /* Resources */ = {
			isa = PBXResourcesBuildPhase;
			buildActionMask = 2147483647;
			files = (
				AA000003 /* Assets.xcassets in Resources */,
			);
			runOnlyForDeploymentPostprocessing = 0;
		};
/* End PBXResourcesBuildPhase section */

/* Begin PBXShellScriptBuildPhase section */
		B1B3784DA8232F470F85A39D /* SwiftLint */ = {
			isa = PBXShellScriptBuildPhase;
			buildActionMask = 2147483647;
			files = (
			);
			inputFileListPaths = (
			);
			inputPaths = (
			);
			name = SwiftLint;
			outputFileListPaths = (
			);
			outputPaths = (
			);
			runOnlyForDeploymentPostprocessing = 0;
			shellPath = /bin/sh;
			shellScript = "cd \"${SRCROOT}\"\nexport PATH=\"$PATH:/opt/homebrew/bin\"\nif which swiftlint >/dev/null; then\n  swiftlint\nelse\n  echo \"warning: SwiftLint not installed, download from https://github.com/realm/SwiftLint\"\nfi\n";
		};
/* End PBXShellScriptBuildPhase section */

/* Begin PBXSourcesBuildPhase section */
		AA000051 /* Sources */ = {
			isa = PBXSourcesBuildPhase;
			buildActionMask = 2147483647;
			files = (
				AA000001 /* VivacityApp.swift in Sources */,
				AA000002 /* ContentView.swift in Sources */,
				BB000001 /* StorageDevice.swift in Sources */,
				BB000002 /* DeviceService.swift in Sources */,
				BB000003 /* DeviceSelectionViewModel.swift in Sources */,
				BB000004 /* DeviceSelectionView.swift in Sources */,
				BB000005 /* DeviceRow.swift in Sources */,
				CC000001 /* FileSignature.swift in Sources */,
				CC000002 /* RecoverableFile.swift in Sources */,
				CC000003 /* FastScanService.swift in Sources */,
				CC000004 /* DeepScanService.swift in Sources */,
				CC000005 /* FileScanViewModel.swift in Sources */,
				CC000006 /* FileScanView.swift in Sources */,
				CC000008 /* FilePreviewView.swift in Sources */,
				CC000007 /* FileRow.swift in Sources */,
				DD000001 /* VolumeInfo.swift in Sources */,
				DD000002 /* FATDirectoryScanner.swift in Sources */,
				DD000005 /* EXIFDateExtractor.swift in Sources */,
				DD000003 /* NTFSScanner.swift in Sources */,
				DD000004 /* ExFATScanner.swift in Sources */,
				4155C6FBA2014067BFC7AD0C /* PermissionService.swift in Sources */,
				EE000001 /* PrivilegedDiskReader.swift in Sources */,
				BF9DF821A5074909AFDC5BD8 /* PermissionDeniedView.swift in Sources */,
				53042BE3A8A7C4D7E26D1653 /* FATModels.swift in Sources */,
			);
			runOnlyForDeploymentPostprocessing = 0;
		};
/* End PBXSourcesBuildPhase section */

/* Begin XCBuildConfiguration section */
		AA000071 /* Debug */ = {
			isa = XCBuildConfiguration;
			buildSettings = {
				ASSETCATALOG_COMPILER_APPICON_NAME = AppIcon;
				ASSETCATALOG_COMPILER_GLOBAL_ACCENT_COLOR_NAME = AccentColor;
				CODE_SIGN_ENTITLEMENTS = Vivacity/Vivacity.entitlements;
				CODE_SIGN_STYLE = Automatic;
				COMBINE_HIDPI_IMAGES = YES;
				CURRENT_PROJECT_VERSION = 1;
				DEVELOPMENT_ASSET_PATHS = "";
				ENABLE_PREVIEWS = YES;
				GENERATE_INFOPLIST_FILE = YES;
				INFOPLIST_KEY_NSHumanReadableCopyright = "";
				LD_RUNPATH_SEARCH_PATHS = (
					"$(inherited)",
					"@executable_path/../Frameworks",
				);
				MARKETING_VERSION = 1.0;
				PRODUCT_BUNDLE_IDENTIFIER = com.joao.Vivacity;
				PRODUCT_NAME = "$(TARGET_NAME)";
				SWIFT_EMIT_LOC_STRINGS = YES;
				SWIFT_VERSION = 5.0;
			};
			name = Debug;
		};
		AA000072 /* Release */ = {
			isa = XCBuildConfiguration;
			buildSettings = {
				ASSETCATALOG_COMPILER_APPICON_NAME = AppIcon;
				ASSETCATALOG_COMPILER_GLOBAL_ACCENT_COLOR_NAME = AccentColor;
				CODE_SIGN_ENTITLEMENTS = Vivacity/Vivacity.entitlements;
				CODE_SIGN_STYLE = Automatic;
				COMBINE_HIDPI_IMAGES = YES;
				CURRENT_PROJECT_VERSION = 1;
				DEVELOPMENT_ASSET_PATHS = "";
				ENABLE_PREVIEWS = YES;
				GENERATE_INFOPLIST_FILE = YES;
				INFOPLIST_KEY_NSHumanReadableCopyright = "";
				LD_RUNPATH_SEARCH_PATHS = (
					"$(inherited)",
					"@executable_path/../Frameworks",
				);
				MARKETING_VERSION = 1.0;
				PRODUCT_BUNDLE_IDENTIFIER = com.joao.Vivacity;
				PRODUCT_NAME = "$(TARGET_NAME)";
				SWIFT_EMIT_LOC_STRINGS = YES;
				SWIFT_VERSION = 5.0;
			};
			name = Release;
		};
		AA000081 /* Debug */ = {
			isa = XCBuildConfiguration;
			buildSettings = {
				ALWAYS_SEARCH_USER_PATHS = NO;
				ASSETCATALOG_COMPILER_GENERATE_SWIFT_ASSET_SYMBOL_EXTENSIONS = YES;
				CLANG_ANALYZER_NONNULL = YES;
				CLANG_ANALYZER_NUMBER_OBJECT_CONVERSION = YES_AGGRESSIVE;
				CLANG_CXX_LANGUAGE_STANDARD = "gnu++20";
				CLANG_ENABLE_MODULES = YES;
				CLANG_ENABLE_OBJC_ARC = YES;
				CLANG_ENABLE_OBJC_WEAK = YES;
				CLANG_WARN_BLOCK_CAPTURE_AUTORELEASING = YES;
				CLANG_WARN_BOOL_CONVERSION = YES;
				CLANG_WARN_COMMA = YES;
				CLANG_WARN_CONSTANT_CONVERSION = YES;
				CLANG_WARN_DEPRECATED_OBJC_IMPLEMENTATIONS = YES;
				CLANG_WARN_DIRECT_OBJC_ISA_USAGE = YES_ERROR;
				CLANG_WARN_DOCUMENTATION_COMMENTS = YES;
				CLANG_WARN_EMPTY_BODY = YES;
				CLANG_WARN_ENUM_CONVERSION = YES;
				CLANG_WARN_INFINITE_RECURSION = YES;
				CLANG_WARN_INT_CONVERSION = YES;
				CLANG_WARN_NON_LITERAL_NULL_CONVERSION = YES;
				CLANG_WARN_OBJC_IMPLICIT_RETAIN_SELF = YES;
				CLANG_WARN_OBJC_LITERAL_CONVERSION = YES;
				CLANG_WARN_OBJC_ROOT_CLASS = YES_ERROR;
				CLANG_WARN_QUOTED_INCLUDE_IN_FRAMEWORK_HEADER = YES;
				CLANG_WARN_RANGE_LOOP_ANALYSIS = YES;
				CLANG_WARN_STRICT_PROTOTYPES = YES;
				CLANG_WARN_SUSPICIOUS_MOVE = YES;
				CLANG_WARN_UNGUARDED_AVAILABILITY = YES_AGGRESSIVE;
				CLANG_WARN_UNREACHABLE_CODE = YES;
				CLANG_WARN__DUPLICATE_METHOD_MATCH = YES;
				COPY_PHASE_STRIP = NO;
				DEBUG_INFORMATION_FORMAT = dwarf;
				ENABLE_STRICT_OBJC_MSGSEND = YES;
				ENABLE_TESTABILITY = YES;
				ENABLE_USER_SCRIPT_SANDBOXING = NO;
				GCC_C_LANGUAGE_STANDARD = gnu17;
				GCC_DYNAMIC_NO_PIC = NO;
				GCC_NO_COMMON_BLOCKS = YES;
				GCC_OPTIMIZATION_LEVEL = 0;
				GCC_PREPROCESSOR_DEFINITIONS = (
					"DEBUG=1",
					"$(inherited)",
				);
				GCC_WARN_64_TO_32_BIT_CONVERSION = YES;
				GCC_WARN_ABOUT_RETURN_TYPE = YES_ERROR;
				GCC_WARN_UNDECLARED_SELECTOR = YES;
				GCC_WARN_UNINITIALIZED_AUTOS = YES_AGGRESSIVE;
				GCC_WARN_UNUSED_FUNCTION = YES;
				GCC_WARN_UNUSED_VARIABLE = YES;
				MACOSX_DEPLOYMENT_TARGET = 14.0;
				MTL_ENABLE_DEBUG_INFO = INCLUDE_SOURCE;
				MTL_FAST_MATH = YES;
				ONLY_ACTIVE_ARCH = YES;
				SDKROOT = macosx;
				SWIFT_ACTIVE_COMPILATION_CONDITIONS = "DEBUG $(inherited)";
				SWIFT_OPTIMIZATION_LEVEL = "-Onone";
			};
			name = Debug;
		};
		AA000082 /* Release */ = {
			isa = XCBuildConfiguration;
			buildSettings = {
				ALWAYS_SEARCH_USER_PATHS = NO;
				ASSETCATALOG_COMPILER_GENERATE_SWIFT_ASSET_SYMBOL_EXTENSIONS = YES;
				CLANG_ANALYZER_NONNULL = YES;
				CLANG_ANALYZER_NUMBER_OBJECT_CONVERSION = YES_AGGRESSIVE;
				CLANG_CXX_LANGUAGE_STANDARD = "gnu++20";
				CLANG_ENABLE_MODULES = YES;
				CLANG_ENABLE_OBJC_ARC = YES;
				CLANG_ENABLE_OBJC_WEAK = YES;
				CLANG_WARN_BLOCK_CAPTURE_AUTORELEASING = YES;
				CLANG_WARN_BOOL_CONVERSION = YES;
				CLANG_WARN_COMMA = YES;
				CLANG_WARN_CONSTANT_CONVERSION = YES;
				CLANG_WARN_DEPRECATED_OBJC_IMPLEMENTATIONS = YES;
				CLANG_WARN_DIRECT_OBJC_ISA_USAGE = YES_ERROR;
				CLANG_WARN_DOCUMENTATION_COMMENTS = YES;
				CLANG_WARN_EMPTY_BODY = YES;
				CLANG_WARN_ENUM_CONVERSION = YES;
				CLANG_WARN_INFINITE_RECURSION = YES;
				CLANG_WARN_INT_CONVERSION = YES;
				CLANG_WARN_NON_LITERAL_NULL_CONVERSION = YES;
				CLANG_WARN_OBJC_IMPLICIT_RETAIN_SELF = YES;
				CLANG_WARN_OBJC_LITERAL_CONVERSION = YES;
				CLANG_WARN_OBJC_ROOT_CLASS = YES_ERROR;
				CLANG_WARN_QUOTED_INCLUDE_IN_FRAMEWORK_HEADER = YES;
				CLANG_WARN_RANGE_LOOP_ANALYSIS = YES;
				CLANG_WARN_STRICT_PROTOTYPES = YES;
				CLANG_WARN_SUSPICIOUS_MOVE = YES;
				CLANG_WARN_UNGUARDED_AVAILABILITY = YES_AGGRESSIVE;
				CLANG_WARN_UNREACHABLE_CODE = YES;
				CLANG_WARN__DUPLICATE_METHOD_MATCH = YES;
				COPY_PHASE_STRIP = NO;
				DEBUG_INFORMATION_FORMAT = "dwarf-with-dsym";
				ENABLE_NS_ASSERTIONS = NO;
				ENABLE_STRICT_OBJC_MSGSEND = YES;
				ENABLE_USER_SCRIPT_SANDBOXING = NO;
				GCC_C_LANGUAGE_STANDARD = gnu17;
				GCC_NO_COMMON_BLOCKS = YES;
				GCC_WARN_64_TO_32_BIT_CONVERSION = YES;
				GCC_WARN_ABOUT_RETURN_TYPE = YES_ERROR;
				GCC_WARN_UNDECLARED_SELECTOR = YES;
				GCC_WARN_UNINITIALIZED_AUTOS = YES_AGGRESSIVE;
				GCC_WARN_UNUSED_FUNCTION = YES;
				GCC_WARN_UNUSED_VARIABLE = YES;
				MACOSX_DEPLOYMENT_TARGET = 14.0;
				MTL_ENABLE_DEBUG_INFO = NO;
				MTL_FAST_MATH = YES;
				SDKROOT = macosx;
				SWIFT_COMPILATION_MODE = wholemodule;
			};
			name = Release;
		};
/* End XCBuildConfiguration section */

/* Begin XCConfigurationList section */
		AA000070 /* Build configuration list for PBXNativeTarget "Vivacity" */ = {
			isa = XCConfigurationList;
			buildConfigurations = (
				AA000071 /* Debug */,
				AA000072 /* Release */,
			);
			defaultConfigurationIsVisible = 0;
			defaultConfigurationName = Release;
		};
		AA000080 /* Build configuration list for PBXProject "Vivacity" */ = {
			isa = XCConfigurationList;
			buildConfigurations = (
				AA000081 /* Debug */,
				AA000082 /* Release */,
			);
			defaultConfigurationIsVisible = 0;
			defaultConfigurationName = Release;
		};
/* End XCConfigurationList section */
	};
	rootObject = AA000060 /* Project object */;
}
