// !$*UTF8*$!
{
	archiveVersion = 1;
	classes = {
	};
	objectVersion = 56;
	objects = {

/* Begin PBXBuildFile section */
		0027AA19C3AB3E9374D21AEF /* CameraRecoveryServiceTests.swift in Sources */ = {isa = PBXBuildFile; fileRef = 2088029C926601913E5DF08C /* CameraRecoveryServiceTests.swift */; };
		01CA7678C5E49342FBEC6DD7 /* PartitionSearchServiceTests.swift in Sources */ = {isa = PBXBuildFile; fileRef = E1399EEE9C59F294757C377F /* PartitionSearchServiceTests.swift */; };
		0465723FD557A47A36FFB4AF /* PartitionSearchService.swift in Sources */ = {isa = PBXBuildFile; fileRef = 05A02025A207FE742FDDB8D8 /* PartitionSearchService.swift */; };
		04C55D61D29BEF9F556574FD /* DiskImageServiceTests.swift in Sources */ = {isa = PBXBuildFile; fileRef = 79DB19E6CFA8AE3C81367F05 /* DiskImageServiceTests.swift */; };
		11A73B5D24096FBDF2C0A314 /* Foundation.framework in Frameworks */ = {isa = PBXBuildFile; fileRef = 15DB3BE95DBA2A386AB785A3 /* Foundation.framework */; };
		18DDB8736E8D384F2B052EFA /* FATCarver.swift in Sources */ = {isa = PBXBuildFile; fileRef = 6BA5D8A0D0DEBB96D730E340 /* FATCarver.swift */; };
		19FD47F9859C4CF27B0654BC /* Foundation.framework in Frameworks */ = {isa = PBXBuildFile; fileRef = 15DB3BE95DBA2A386AB785A3 /* Foundation.framework */; };
		1B40A2766C311C7E9959F1C4 /* CarverTests.swift in Sources */ = {isa = PBXBuildFile; fileRef = F9AE38D76593EBF1B3F64048 /* CarverTests.swift */; };
		239EFD18DDF58EAB29C74CBA /* CameraRecoveryService.swift in Sources */ = {isa = PBXBuildFile; fileRef = CC38108B7516FEE3C928A42B /* CameraRecoveryService.swift */; };
		49971FA5A658E089F0216CB2 /* PrivilegedDiskReading.swift in Sources */ = {isa = PBXBuildFile; fileRef = 5F72C99CDB009F0B10499058 /* PrivilegedDiskReading.swift */; };
		53042BE3A8A7C4D7E26D1653 /* FATModels.swift in Sources */ = {isa = PBXBuildFile; fileRef = 701C8C0145874A1017A1233A /* FATModels.swift */; };
		702BC9CC6922EABB684E6289 /* AppEnvironment.swift in Sources */ = {isa = PBXBuildFile; fileRef = D72ED180F0AD92F957FD37E1 /* AppEnvironment.swift */; };
		8196911B4649ACD2E9ABFC82 /* HFSPlusCarver.swift in Sources */ = {isa = PBXBuildFile; fileRef = 6026EEDF75109041E356905B /* HFSPlusCarver.swift */; };
		AA000001 /* VivacityApp.swift in Sources */ = {isa = PBXBuildFile; fileRef = AA000010 /* VivacityApp.swift */; };
		AA000002 /* ContentView.swift in Sources */ = {isa = PBXBuildFile; fileRef = AA000011 /* ContentView.swift */; };
		AA000003 /* Assets.xcassets in Resources */ = {isa = PBXBuildFile; fileRef = AA000012 /* Assets.xcassets */; };
		AB3C1FD4C53D84A23AC4FEA5 /* DeepScanServiceTests.swift in Sources */ = {isa = PBXBuildFile; fileRef = F90DAE936670A0F95A138FD9 /* DeepScanServiceTests.swift */; };
		AE6AAF9F4E9B6DBFEE5A8A64 /* VivacityUITests.swift in Sources */ = {isa = PBXBuildFile; fileRef = D39259AB1E971A197CF2563F /* VivacityUITests.swift */; };
		AF85BE679C9148F5B87783B6 /* APFSCarver.swift in Sources */ = {isa = PBXBuildFile; fileRef = 765344A29DF87B5DEA1EB788 /* APFSCarver.swift */; };
		AF9D9F74FA517ECD01D20E30 /* FileScanViewModelTests.swift in Sources */ = {isa = PBXBuildFile; fileRef = 31D64682A1FDC7E785D23022 /* FileScanViewModelTests.swift */; };
		BB000001 /* StorageDevice.swift in Sources */ = {isa = PBXBuildFile; fileRef = BB000010 /* StorageDevice.swift */; };
		BB000002 /* DeviceService.swift in Sources */ = {isa = PBXBuildFile; fileRef = BB000011 /* DeviceService.swift */; };
		BB000003 /* DeviceSelectionViewModel.swift in Sources */ = {isa = PBXBuildFile; fileRef = BB000012 /* DeviceSelectionViewModel.swift */; };
		BB000004 /* DeviceSelectionView.swift in Sources */ = {isa = PBXBuildFile; fileRef = BB000013 /* DeviceSelectionView.swift */; };
		BB000005 /* DeviceRow.swift in Sources */ = {isa = PBXBuildFile; fileRef = BB000014 /* DeviceRow.swift */; };
		BD297BEA662DAFEF20262A63 /* SessionManager.swift in Sources */ = {isa = PBXBuildFile; fileRef = 31C080987ACA5FEDE7E26580 /* SessionManager.swift */; };
		BF9DF821A5074909AFDC5BD8 /* PermissionDeniedView.swift in Sources */ = {isa = PBXBuildFile; fileRef = 85684069117F459BA261B91B /* PermissionDeniedView.swift */; };
		C20F471C0D5544F7E17D075F /* FakePrivilegedDiskReader.swift in Sources */ = {isa = PBXBuildFile; fileRef = 6C1B11E2F3AF898154D08CA6 /* FakePrivilegedDiskReader.swift */; };
		C3DAFCD9A0FDF3E1CC6C39D1 /* DiskImageService.swift in Sources */ = {isa = PBXBuildFile; fileRef = E5FDF8909316E71A2C41052F /* DiskImageService.swift */; };
		C73D1495CC9C62142296BF35 /* CameraProfile.swift in Sources */ = {isa = PBXBuildFile; fileRef = 3A1B19E38146320E5D70329E /* CameraProfile.swift */; };
		C9D70560A62EA3B78A99B80A /* ScanSession.swift in Sources */ = {isa = PBXBuildFile; fileRef = B0ADEBE5D623AB329A92699C /* ScanSession.swift */; };
		CC000001 /* FileSignature.swift in Sources */ = {isa = PBXBuildFile; fileRef = CC000010 /* FileSignature.swift */; };
		CC000002 /* RecoverableFile.swift in Sources */ = {isa = PBXBuildFile; fileRef = CC000011 /* RecoverableFile.swift */; };
		CC000003 /* FastScanService.swift in Sources */ = {isa = PBXBuildFile; fileRef = CC000012 /* FastScanService.swift */; };
		CC000004 /* DeepScanService.swift in Sources */ = {isa = PBXBuildFile; fileRef = CC000013 /* DeepScanService.swift */; };
		CC000005 /* FileScanViewModel.swift in Sources */ = {isa = PBXBuildFile; fileRef = CC000014 /* FileScanViewModel.swift */; };
		CC000006 /* FileScanView.swift in Sources */ = {isa = PBXBuildFile; fileRef = CC000015 /* FileScanView.swift */; };
		CC000007 /* FileRow.swift in Sources */ = {isa = PBXBuildFile; fileRef = CC000016 /* FileRow.swift */; };
		CC000008 /* FilePreviewView.swift in Sources */ = {isa = PBXBuildFile; fileRef = CC000017 /* FilePreviewView.swift */; };
		DD000001 /* VolumeInfo.swift in Sources */ = {isa = PBXBuildFile; fileRef = DD000010 /* VolumeInfo.swift */; };
		DD000002 /* FATDirectoryScanner.swift in Sources */ = {isa = PBXBuildFile; fileRef = DD000011 /* FATDirectoryScanner.swift */; };
		DD000003 /* NTFSScanner.swift in Sources */ = {isa = PBXBuildFile; fileRef = DD000012 /* NTFSScanner.swift */; };
		DD000004 /* ExFATScanner.swift in Sources */ = {isa = PBXBuildFile; fileRef = DD000013 /* ExFATScanner.swift */; };
		DD000005 /* EXIFDateExtractor.swift in Sources */ = {isa = PBXBuildFile; fileRef = DD000014 /* EXIFDateExtractor.swift */; };
		EE000001 /* PrivilegedDiskReader.swift in Sources */ = {isa = PBXBuildFile; fileRef = EE000010 /* PrivilegedDiskReader.swift */; };
		F868D76B41326B7A26617210 /* SessionManagerTests.swift in Sources */ = {isa = PBXBuildFile; fileRef = CB7249DFA6A6FA50A7404EB3 /* SessionManagerTests.swift */; };
/* End PBXBuildFile section */

/* Begin PBXContainerItemProxy section */
		236BBA76DDE9DD64841B5309 /* PBXContainerItemProxy */ = {
			isa = PBXContainerItemProxy;
			containerPortal = AA000060 /* Project object */;
			proxyType = 1;
			remoteGlobalIDString = AA000050;
			remoteInfo = Vivacity;
		};
		4E4E5891858AEC2B439A704B /* PBXContainerItemProxy */ = {
			isa = PBXContainerItemProxy;
			containerPortal = AA000060 /* Project object */;
			proxyType = 1;
			remoteGlobalIDString = AA000050;
			remoteInfo = Vivacity;
		};
/* End PBXContainerItemProxy section */

/* Begin PBXFileReference section */
		05A02025A207FE742FDDB8D8 /* PartitionSearchService.swift */ = {isa = PBXFileReference; includeInIndex = 1; lastKnownFileType = sourcecode.swift; path = PartitionSearchService.swift; sourceTree = "<group>"; };
		15DB3BE95DBA2A386AB785A3 /* Foundation.framework */ = {isa = PBXFileReference; lastKnownFileType = wrapper.framework; name = Foundation.framework; path = Platforms/MacOSX.platform/Developer/SDKs/MacOSX15.0.sdk/System/Library/Frameworks/Foundation.framework; sourceTree = DEVELOPER_DIR; };
		2088029C926601913E5DF08C /* CameraRecoveryServiceTests.swift */ = {isa = PBXFileReference; includeInIndex = 1; lastKnownFileType = sourcecode.swift; path = CameraRecoveryServiceTests.swift; sourceTree = "<group>"; };
		2BE52ADF7980CA375B770CE3 /* VivacityUITests.xctest */ = {isa = PBXFileReference; explicitFileType = wrapper.cfbundle; includeInIndex = 0; path = VivacityUITests.xctest; sourceTree = BUILT_PRODUCTS_DIR; };
		31C080987ACA5FEDE7E26580 /* SessionManager.swift */ = {isa = PBXFileReference; includeInIndex = 1; lastKnownFileType = sourcecode.swift; path = SessionManager.swift; sourceTree = "<group>"; };
		31D64682A1FDC7E785D23022 /* FileScanViewModelTests.swift */ = {isa = PBXFileReference; includeInIndex = 1; lastKnownFileType = sourcecode.swift; path = FileScanViewModelTests.swift; sourceTree = "<group>"; };
		3A1B19E38146320E5D70329E /* CameraProfile.swift */ = {isa = PBXFileReference; includeInIndex = 1; lastKnownFileType = sourcecode.swift; path = CameraProfile.swift; sourceTree = "<group>"; };
		5F72C99CDB009F0B10499058 /* PrivilegedDiskReading.swift */ = {isa = PBXFileReference; includeInIndex = 1; lastKnownFileType = sourcecode.swift; path = PrivilegedDiskReading.swift; sourceTree = "<group>"; };
		6026EEDF75109041E356905B /* HFSPlusCarver.swift */ = {isa = PBXFileReference; includeInIndex = 1; lastKnownFileType = sourcecode.swift; name = HFSPlusCarver.swift; path = Services/Carvers/HFSPlusCarver.swift; sourceTree = "<group>"; };
		6BA5D8A0D0DEBB96D730E340 /* FATCarver.swift */ = {isa = PBXFileReference; includeInIndex = 1; lastKnownFileType = sourcecode.swift; name = FATCarver.swift; path = Carvers/FATCarver.swift; sourceTree = "<group>"; };
		6C1B11E2F3AF898154D08CA6 /* FakePrivilegedDiskReader.swift */ = {isa = PBXFileReference; includeInIndex = 1; lastKnownFileType = sourcecode.swift; path = FakePrivilegedDiskReader.swift; sourceTree = "<group>"; };
		701C8C0145874A1017A1233A /* FATModels.swift */ = {isa = PBXFileReference; includeInIndex = 1; lastKnownFileType = sourcecode.swift; path = FATModels.swift; sourceTree = "<group>"; };
		765344A29DF87B5DEA1EB788 /* APFSCarver.swift */ = {isa = PBXFileReference; includeInIndex = 1; lastKnownFileType = sourcecode.swift; name = APFSCarver.swift; path = Services/Carvers/APFSCarver.swift; sourceTree = "<group>"; };
		79DB19E6CFA8AE3C81367F05 /* DiskImageServiceTests.swift */ = {isa = PBXFileReference; includeInIndex = 1; lastKnownFileType = sourcecode.swift; path = DiskImageServiceTests.swift; sourceTree = "<group>"; };
		85684069117F459BA261B91B /* PermissionDeniedView.swift */ = {isa = PBXFileReference; lastKnownFileType = sourcecode.swift; path = PermissionDeniedView.swift; sourceTree = "<group>"; };
		89CF8379179BDF91F511A062 /* VivacityTests.xctest */ = {isa = PBXFileReference; explicitFileType = wrapper.cfbundle; includeInIndex = 0; path = VivacityTests.xctest; sourceTree = BUILT_PRODUCTS_DIR; };
		AA000010 /* VivacityApp.swift */ = {isa = PBXFileReference; lastKnownFileType = sourcecode.swift; path = VivacityApp.swift; sourceTree = "<group>"; };
		AA000011 /* ContentView.swift */ = {isa = PBXFileReference; lastKnownFileType = sourcecode.swift; path = ContentView.swift; sourceTree = "<group>"; };
		AA000012 /* Assets.xcassets */ = {isa = PBXFileReference; lastKnownFileType = folder.assetcatalog; path = Assets.xcassets; sourceTree = "<group>"; };
		AA000013 /* Vivacity.entitlements */ = {isa = PBXFileReference; lastKnownFileType = text.plist.entitlements; path = Vivacity.entitlements; sourceTree = "<group>"; };
		AA000020 /* Vivacity.app */ = {isa = PBXFileReference; explicitFileType = wrapper.application; includeInIndex = 0; path = Vivacity.app; sourceTree = BUILT_PRODUCTS_DIR; };
		B0ADEBE5D623AB329A92699C /* ScanSession.swift */ = {isa = PBXFileReference; includeInIndex = 1; lastKnownFileType = sourcecode.swift; path = ScanSession.swift; sourceTree = "<group>"; };
		BB000010 /* StorageDevice.swift */ = {isa = PBXFileReference; lastKnownFileType = sourcecode.swift; path = StorageDevice.swift; sourceTree = "<group>"; };
		BB000011 /* DeviceService.swift */ = {isa = PBXFileReference; lastKnownFileType = sourcecode.swift; path = DeviceService.swift; sourceTree = "<group>"; };
		BB000012 /* DeviceSelectionViewModel.swift */ = {isa = PBXFileReference; lastKnownFileType = sourcecode.swift; path = DeviceSelectionViewModel.swift; sourceTree = "<group>"; };
		BB000013 /* DeviceSelectionView.swift */ = {isa = PBXFileReference; lastKnownFileType = sourcecode.swift; path = DeviceSelectionView.swift; sourceTree = "<group>"; };
		BB000014 /* DeviceRow.swift */ = {isa = PBXFileReference; lastKnownFileType = sourcecode.swift; path = DeviceRow.swift; sourceTree = "<group>"; };
		CB7249DFA6A6FA50A7404EB3 /* SessionManagerTests.swift */ = {isa = PBXFileReference; includeInIndex = 1; lastKnownFileType = sourcecode.swift; path = SessionManagerTests.swift; sourceTree = "<group>"; };
		CC000010 /* FileSignature.swift */ = {isa = PBXFileReference; lastKnownFileType = sourcecode.swift; path = FileSignature.swift; sourceTree = "<group>"; };
		CC000011 /* RecoverableFile.swift */ = {isa = PBXFileReference; lastKnownFileType = sourcecode.swift; path = RecoverableFile.swift; sourceTree = "<group>"; };
		CC000012 /* FastScanService.swift */ = {isa = PBXFileReference; lastKnownFileType = sourcecode.swift; path = FastScanService.swift; sourceTree = "<group>"; };
		CC000013 /* DeepScanService.swift */ = {isa = PBXFileReference; lastKnownFileType = sourcecode.swift; path = DeepScanService.swift; sourceTree = "<group>"; };
		CC000014 /* FileScanViewModel.swift */ = {isa = PBXFileReference; lastKnownFileType = sourcecode.swift; path = FileScanViewModel.swift; sourceTree = "<group>"; };
		CC000015 /* FileScanView.swift */ = {isa = PBXFileReference; lastKnownFileType = sourcecode.swift; path = FileScanView.swift; sourceTree = "<group>"; };
		CC000016 /* FileRow.swift */ = {isa = PBXFileReference; lastKnownFileType = sourcecode.swift; path = FileRow.swift; sourceTree = "<group>"; };
		CC000017 /* FilePreviewView.swift */ = {isa = PBXFileReference; lastKnownFileType = sourcecode.swift; path = FilePreviewView.swift; sourceTree = "<group>"; };
		CC38108B7516FEE3C928A42B /* CameraRecoveryService.swift */ = {isa = PBXFileReference; includeInIndex = 1; lastKnownFileType = sourcecode.swift; path = CameraRecoveryService.swift; sourceTree = "<group>"; };
		D39259AB1E971A197CF2563F /* VivacityUITests.swift */ = {isa = PBXFileReference; includeInIndex = 1; lastKnownFileType = sourcecode.swift; path = VivacityUITests.swift; sourceTree = "<group>"; };
		D72ED180F0AD92F957FD37E1 /* AppEnvironment.swift */ = {isa = PBXFileReference; includeInIndex = 1; lastKnownFileType = sourcecode.swift; path = AppEnvironment.swift; sourceTree = "<group>"; };
		DD000010 /* VolumeInfo.swift */ = {isa = PBXFileReference; lastKnownFileType = sourcecode.swift; path = VolumeInfo.swift; sourceTree = "<group>"; };
		DD000011 /* FATDirectoryScanner.swift */ = {isa = PBXFileReference; lastKnownFileType = sourcecode.swift; path = FATDirectoryScanner.swift; sourceTree = "<group>"; };
		DD000012 /* NTFSScanner.swift */ = {isa = PBXFileReference; lastKnownFileType = sourcecode.swift; path = NTFSScanner.swift; sourceTree = "<group>"; };
		DD000013 /* ExFATScanner.swift */ = {isa = PBXFileReference; lastKnownFileType = sourcecode.swift; path = ExFATScanner.swift; sourceTree = "<group>"; };
		DD000014 /* EXIFDateExtractor.swift */ = {isa = PBXFileReference; lastKnownFileType = sourcecode.swift; path = EXIFDateExtractor.swift; sourceTree = "<group>"; };
		E1399EEE9C59F294757C377F /* PartitionSearchServiceTests.swift */ = {isa = PBXFileReference; includeInIndex = 1; lastKnownFileType = sourcecode.swift; path = PartitionSearchServiceTests.swift; sourceTree = "<group>"; };
		E5FDF8909316E71A2C41052F /* DiskImageService.swift */ = {isa = PBXFileReference; includeInIndex = 1; lastKnownFileType = sourcecode.swift; path = DiskImageService.swift; sourceTree = "<group>"; };
		EE000010 /* PrivilegedDiskReader.swift */ = {isa = PBXFileReference; lastKnownFileType = sourcecode.swift; path = PrivilegedDiskReader.swift; sourceTree = "<group>"; };
		F90DAE936670A0F95A138FD9 /* DeepScanServiceTests.swift */ = {isa = PBXFileReference; includeInIndex = 1; lastKnownFileType = sourcecode.swift; path = DeepScanServiceTests.swift; sourceTree = "<group>"; };
		F9AE38D76593EBF1B3F64048 /* CarverTests.swift */ = {isa = PBXFileReference; includeInIndex = 1; lastKnownFileType = sourcecode.swift; path = CarverTests.swift; sourceTree = "<group>"; };
/* End PBXFileReference section */

/* Begin PBXFrameworksBuildPhase section */
		35EEBB313288E101E61F568B /* Frameworks */ = {
			isa = PBXFrameworksBuildPhase;
			buildActionMask = 2147483647;
			files = (
				11A73B5D24096FBDF2C0A314 /* Foundation.framework in Frameworks */,
			);
			runOnlyForDeploymentPostprocessing = 0;
		};
		42F2AFFFEB1A01635911B8B8 /* Frameworks */ = {
			isa = PBXFrameworksBuildPhase;
			buildActionMask = 2147483647;
			files = (
				19FD47F9859C4CF27B0654BC /* Foundation.framework in Frameworks */,
			);
			runOnlyForDeploymentPostprocessing = 0;
		};
		AA000030 /* Frameworks */ = {
			isa = PBXFrameworksBuildPhase;
			buildActionMask = 2147483647;
			files = (
			);
			runOnlyForDeploymentPostprocessing = 0;
		};
/* End PBXFrameworksBuildPhase section */

/* Begin PBXGroup section */
		19D4E757967FF21B12DAF861 /* OS X */ = {
			isa = PBXGroup;
			children = (
				15DB3BE95DBA2A386AB785A3 /* Foundation.framework */,
			);
			name = "OS X";
			sourceTree = "<group>";
		};
		4B8831F9E5697EB7B2BE3AF1 /* VivacityTests */ = {
			isa = PBXGroup;
			children = (
				F9AE38D76593EBF1B3F64048 /* CarverTests.swift */,
				6C1B11E2F3AF898154D08CA6 /* FakePrivilegedDiskReader.swift */,
				31D64682A1FDC7E785D23022 /* FileScanViewModelTests.swift */,
				E1399EEE9C59F294757C377F /* PartitionSearchServiceTests.swift */,
				CB7249DFA6A6FA50A7404EB3 /* SessionManagerTests.swift */,
				79DB19E6CFA8AE3C81367F05 /* DiskImageServiceTests.swift */,
				2088029C926601913E5DF08C /* CameraRecoveryServiceTests.swift */,
				F90DAE936670A0F95A138FD9 /* DeepScanServiceTests.swift */,
			);
			name = VivacityTests;
			path = VivacityTests;
			sourceTree = "<group>";
		};
		4E17F3DF75DC40B7EAFE150E /* Frameworks */ = {
			isa = PBXGroup;
			children = (
				19D4E757967FF21B12DAF861 /* OS X */,
			);
			name = Frameworks;
			sourceTree = "<group>";
		};
		826BE228AF4543AB0EE096D4 /* Utilities */ = {
			isa = PBXGroup;
			children = (
				D72ED180F0AD92F957FD37E1 /* AppEnvironment.swift */,
			);
			name = Utilities;
			path = Utilities;
			sourceTree = "<group>";
		};
		83BDDAE95B64992D5546B040 /* VivacityUITests */ = {
			isa = PBXGroup;
			children = (
				D39259AB1E971A197CF2563F /* VivacityUITests.swift */,
			);
			name = VivacityUITests;
			path = VivacityUITests;
			sourceTree = "<group>";
		};
		AA000040 = {
			isa = PBXGroup;
			children = (
				AA000041 /* Vivacity */,
				AA000042 /* Products */,
				4E17F3DF75DC40B7EAFE150E /* Frameworks */,
				4B8831F9E5697EB7B2BE3AF1 /* VivacityTests */,
				83BDDAE95B64992D5546B040 /* VivacityUITests */,
			);
			sourceTree = "<group>";
		};
		AA000041 /* Vivacity */ = {
			isa = PBXGroup;
			children = (
				AA000010 /* VivacityApp.swift */,
				AA000011 /* ContentView.swift */,
				BB000020 /* Models */,
				BB000021 /* Services */,
				BB000022 /* ViewModels */,
				BB000023 /* Views */,
				AA000012 /* Assets.xcassets */,
				AA000013 /* Vivacity.entitlements */,
				765344A29DF87B5DEA1EB788 /* APFSCarver.swift */,
				6026EEDF75109041E356905B /* HFSPlusCarver.swift */,
				826BE228AF4543AB0EE096D4 /* Utilities */,
			);
			path = Vivacity;
			sourceTree = "<group>";
		};
		AA000042 /* Products */ = {
			isa = PBXGroup;
			children = (
				AA000020 /* Vivacity.app */,
				89CF8379179BDF91F511A062 /* VivacityTests.xctest */,
				2BE52ADF7980CA375B770CE3 /* VivacityUITests.xctest */,
			);
			name = Products;
			sourceTree = "<group>";
		};
		ABF74D4EC834328576E9A7E6 /* Carvers */ = {
			isa = PBXGroup;
			children = (
				6BA5D8A0D0DEBB96D730E340 /* FATCarver.swift */,
			);
			name = Carvers;
			sourceTree = "<group>";
		};
		BB000020 /* Models */ = {
			isa = PBXGroup;
			children = (
				BB000010 /* StorageDevice.swift */,
				CC000010 /* FileSignature.swift */,
				CC000011 /* RecoverableFile.swift */,
				DD000010 /* VolumeInfo.swift */,
				701C8C0145874A1017A1233A /* FATModels.swift */,
				B0ADEBE5D623AB329A92699C /* ScanSession.swift */,
				3A1B19E38146320E5D70329E /* CameraProfile.swift */,
			);
			path = Models;
			sourceTree = "<group>";
		};
		BB000021 /* Services */ = {
			isa = PBXGroup;
			children = (
				BB000011 /* DeviceService.swift */,
				CC000012 /* FastScanService.swift */,
				CC000013 /* DeepScanService.swift */,
				DD000011 /* FATDirectoryScanner.swift */,
				DD000014 /* EXIFDateExtractor.swift */,
				DD000012 /* NTFSScanner.swift */,
				DD000013 /* ExFATScanner.swift */,
				EE000010 /* PrivilegedDiskReader.swift */,
				ABF74D4EC834328576E9A7E6 /* Carvers */,
				5F72C99CDB009F0B10499058 /* PrivilegedDiskReading.swift */,
				05A02025A207FE742FDDB8D8 /* PartitionSearchService.swift */,
				31C080987ACA5FEDE7E26580 /* SessionManager.swift */,
				E5FDF8909316E71A2C41052F /* DiskImageService.swift */,
				CC38108B7516FEE3C928A42B /* CameraRecoveryService.swift */,
			);
			path = Services;
			sourceTree = "<group>";
		};
		BB000022 /* ViewModels */ = {
			isa = PBXGroup;
			children = (
				BB000012 /* DeviceSelectionViewModel.swift */,
				CC000014 /* FileScanViewModel.swift */,
			);
			path = ViewModels;
			sourceTree = "<group>";
		};
		BB000023 /* Views */ = {
			isa = PBXGroup;
			children = (
				BB000024 /* DeviceSelection */,
				CC000020 /* FileScan */,
			);
			path = Views;
			sourceTree = "<group>";
		};
		BB000024 /* DeviceSelection */ = {
			isa = PBXGroup;
			children = (
				BB000013 /* DeviceSelectionView.swift */,
				BB000014 /* DeviceRow.swift */,
			);
			path = DeviceSelection;
			sourceTree = "<group>";
		};
		CC000020 /* FileScan */ = {
			isa = PBXGroup;
			children = (
				CC000015 /* FileScanView.swift */,
				CC000017 /* FilePreviewView.swift */,
				CC000016 /* FileRow.swift */,
				85684069117F459BA261B91B /* PermissionDeniedView.swift */,
			);
			path = FileScan;
			sourceTree = "<group>";
		};
/* End PBXGroup section */

/* Begin PBXNativeTarget section */
		69F4E17C7B971D23F9BC3B5C /* VivacityUITests */ = {
			isa = PBXNativeTarget;
			buildConfigurationList = 9FA87E585651311208FBD9D9 /* Build configuration list for PBXNativeTarget "VivacityUITests" */;
			buildPhases = (
				D77CF9CAFCD520A6931FCF87 /* Sources */,
				35EEBB313288E101E61F568B /* Frameworks */,
				6ABC5419EDF6D7AD0AC216CE /* Resources */,
			);
			buildRules = (
			);
			dependencies = (
				8F0E98F36BC8240D5B852A8A /* PBXTargetDependency */,
			);
			name = VivacityUITests;
			productName = VivacityUITests;
			productReference = 2BE52ADF7980CA375B770CE3 /* VivacityUITests.xctest */;
			productType = "com.apple.product-type.bundle.ui-testing";
		};
		AA000050 /* Vivacity */ = {
			isa = PBXNativeTarget;
			buildConfigurationList = AA000070 /* Build configuration list for PBXNativeTarget "Vivacity" */;
			buildPhases = (
				AA000051 /* Sources */,
				AA000030 /* Frameworks */,
				AA000052 /* Resources */,
				B1B3784DA8232F470F85A39D /* SwiftLint */,
			);
			buildRules = (
			);
			dependencies = (
			);
			name = Vivacity;
			productName = Vivacity;
			productReference = AA000020 /* Vivacity.app */;
			productType = "com.apple.product-type.application";
		};
		E504D5F17D16B013A99BC2D8 /* VivacityTests */ = {
			isa = PBXNativeTarget;
			buildConfigurationList = 2B4E40396DA6077C4F6C16BA /* Build configuration list for PBXNativeTarget "VivacityTests" */;
			buildPhases = (
				7D6ABD40B2D7694155FB1FFC /* Sources */,
				42F2AFFFEB1A01635911B8B8 /* Frameworks */,
				640182B0D3262A6EA170038C /* Resources */,
			);
			buildRules = (
			);
			dependencies = (
				A7CC635059984AE2B71E8ABE /* PBXTargetDependency */,
			);
			name = VivacityTests;
			productName = VivacityTests;
			productReference = 89CF8379179BDF91F511A062 /* VivacityTests.xctest */;
			productType = "com.apple.product-type.bundle.unit-test";
		};
/* End PBXNativeTarget section */

/* Begin PBXProject section */
		AA000060 /* Project object */ = {
			isa = PBXProject;
			attributes = {
				BuildIndependentTargetsInParallel = 1;
				LastSwiftUpdateCheck = 1500;
				LastUpgradeCheck = 1500;
				TargetAttributes = {
					69F4E17C7B971D23F9BC3B5C = {
						TestTargetID = AA000050;
					};
					AA000050 = {
						CreatedOnToolsVersion = 15.0;
					};
					E504D5F17D16B013A99BC2D8 = {
						TestTargetID = AA000050;
					};
				};
			};
			buildConfigurationList = AA000080 /* Build configuration list for PBXProject "Vivacity" */;
			compatibilityVersion = "Xcode 14.0";
			developmentRegion = en;
			hasScannedForEncodings = 0;
			knownRegions = (
				en,
				Base,
			);
			mainGroup = AA000040;
			productRefGroup = AA000042 /* Products */;
			projectDirPath = "";
			projectRoot = "";
			targets = (
				AA000050 /* Vivacity */,
				E504D5F17D16B013A99BC2D8 /* VivacityTests */,
				69F4E17C7B971D23F9BC3B5C /* VivacityUITests */,
			);
		};
/* End PBXProject section */

/* Begin PBXResourcesBuildPhase section */
		640182B0D3262A6EA170038C /* Resources */ = {
			isa = PBXResourcesBuildPhase;
			buildActionMask = 2147483647;
			files = (
			);
			runOnlyForDeploymentPostprocessing = 0;
		};
		6ABC5419EDF6D7AD0AC216CE /* Resources */ = {
			isa = PBXResourcesBuildPhase;
			buildActionMask = 2147483647;
			files = (
			);
			runOnlyForDeploymentPostprocessing = 0;
		};
		AA000052 /* Resources */ = {
			isa = PBXResourcesBuildPhase;
			buildActionMask = 2147483647;
			files = (
				AA000003 /* Assets.xcassets in Resources */,
			);
			runOnlyForDeploymentPostprocessing = 0;
		};
/* End PBXResourcesBuildPhase section */

/* Begin PBXShellScriptBuildPhase section */
		B1B3784DA8232F470F85A39D /* SwiftLint */ = {
			isa = PBXShellScriptBuildPhase;
			buildActionMask = 2147483647;
			files = (
			);
			inputFileListPaths = (
			);
			inputPaths = (
			);
			name = SwiftLint;
			outputFileListPaths = (
			);
			outputPaths = (
			);
			runOnlyForDeploymentPostprocessing = 0;
			shellPath = /bin/sh;
			shellScript = "cd \"${SRCROOT}\"\nexport PATH=\"$PATH:/opt/homebrew/bin\"\nif which swiftlint >/dev/null; then\n  swiftlint\nelse\n  echo \"warning: SwiftLint not installed, download from https://github.com/realm/SwiftLint\"\nfi\n";
		};
/* End PBXShellScriptBuildPhase section */

/* Begin PBXSourcesBuildPhase section */
		7D6ABD40B2D7694155FB1FFC /* Sources */ = {
			isa = PBXSourcesBuildPhase;
			buildActionMask = 2147483647;
			files = (
				1B40A2766C311C7E9959F1C4 /* CarverTests.swift in Sources */,
				C20F471C0D5544F7E17D075F /* FakePrivilegedDiskReader.swift in Sources */,
				AF9D9F74FA517ECD01D20E30 /* FileScanViewModelTests.swift in Sources */,
				01CA7678C5E49342FBEC6DD7 /* PartitionSearchServiceTests.swift in Sources */,
				F868D76B41326B7A26617210 /* SessionManagerTests.swift in Sources */,
				04C55D61D29BEF9F556574FD /* DiskImageServiceTests.swift in Sources */,
				0027AA19C3AB3E9374D21AEF /* CameraRecoveryServiceTests.swift in Sources */,
				AB3C1FD4C53D84A23AC4FEA5 /* DeepScanServiceTests.swift in Sources */,
			);
			runOnlyForDeploymentPostprocessing = 0;
		};
		AA000051 /* Sources */ = {
			isa = PBXSourcesBuildPhase;
			buildActionMask = 2147483647;
			files = (
				AA000001 /* VivacityApp.swift in Sources */,
				AA000002 /* ContentView.swift in Sources */,
				BB000001 /* StorageDevice.swift in Sources */,
				BB000002 /* DeviceService.swift in Sources */,
				BB000003 /* DeviceSelectionViewModel.swift in Sources */,
				BB000004 /* DeviceSelectionView.swift in Sources */,
				BB000005 /* DeviceRow.swift in Sources */,
				CC000001 /* FileSignature.swift in Sources */,
				CC000002 /* RecoverableFile.swift in Sources */,
				CC000003 /* FastScanService.swift in Sources */,
				CC000004 /* DeepScanService.swift in Sources */,
				CC000005 /* FileScanViewModel.swift in Sources */,
				CC000006 /* FileScanView.swift in Sources */,
				CC000008 /* FilePreviewView.swift in Sources */,
				CC000007 /* FileRow.swift in Sources */,
				DD000001 /* VolumeInfo.swift in Sources */,
				DD000002 /* FATDirectoryScanner.swift in Sources */,
				DD000005 /* EXIFDateExtractor.swift in Sources */,
				DD000003 /* NTFSScanner.swift in Sources */,
				DD000004 /* ExFATScanner.swift in Sources */,
				EE000001 /* PrivilegedDiskReader.swift in Sources */,
				BF9DF821A5074909AFDC5BD8 /* PermissionDeniedView.swift in Sources */,
				53042BE3A8A7C4D7E26D1653 /* FATModels.swift in Sources */,
				18DDB8736E8D384F2B052EFA /* FATCarver.swift in Sources */,
				AF85BE679C9148F5B87783B6 /* APFSCarver.swift in Sources */,
				8196911B4649ACD2E9ABFC82 /* HFSPlusCarver.swift in Sources */,
				49971FA5A658E089F0216CB2 /* PrivilegedDiskReading.swift in Sources */,
				702BC9CC6922EABB684E6289 /* AppEnvironment.swift in Sources */,
				0465723FD557A47A36FFB4AF /* PartitionSearchService.swift in Sources */,
				C9D70560A62EA3B78A99B80A /* ScanSession.swift in Sources */,
				BD297BEA662DAFEF20262A63 /* SessionManager.swift in Sources */,
				C3DAFCD9A0FDF3E1CC6C39D1 /* DiskImageService.swift in Sources */,
				C73D1495CC9C62142296BF35 /* CameraProfile.swift in Sources */,
				239EFD18DDF58EAB29C74CBA /* CameraRecoveryService.swift in Sources */,
			);
			runOnlyForDeploymentPostprocessing = 0;
		};
		D77CF9CAFCD520A6931FCF87 /* Sources */ = {
			isa = PBXSourcesBuildPhase;
			buildActionMask = 2147483647;
			files = (
				AE6AAF9F4E9B6DBFEE5A8A64 /* VivacityUITests.swift in Sources */,
			);
			runOnlyForDeploymentPostprocessing = 0;
		};
/* End PBXSourcesBuildPhase section */

/* Begin PBXTargetDependency section */
		8F0E98F36BC8240D5B852A8A /* PBXTargetDependency */ = {
			isa = PBXTargetDependency;
			name = Vivacity;
			target = AA000050 /* Vivacity */;
			targetProxy = 4E4E5891858AEC2B439A704B /* PBXContainerItemProxy */;
		};
		A7CC635059984AE2B71E8ABE /* PBXTargetDependency */ = {
			isa = PBXTargetDependency;
			name = Vivacity;
			target = AA000050 /* Vivacity */;
			targetProxy = 236BBA76DDE9DD64841B5309 /* PBXContainerItemProxy */;
		};
/* End PBXTargetDependency section */

/* Begin XCBuildConfiguration section */
		129EC1D6D56B55B4BA3F6307 /* Release */ = {
			isa = XCBuildConfiguration;
			buildSettings = {
				BUNDLE_LOADER = "$(TEST_HOST)";
				GENERATE_INFOPLIST_FILE = YES;
				MACOSX_DEPLOYMENT_TARGET = 14.0;
				PRODUCT_MODULE_NAME = VivacityTests;
				PRODUCT_NAME = VivacityTests;
				SWIFT_VERSION = 5.0;
				TEST_HOST = "$(BUILT_PRODUCTS_DIR)/Vivacity.app/Contents/MacOS/Vivacity";
				TEST_TARGET_NAME = Vivacity;
			};
			name = Release;
		};
		489EEA321F644B7D67970D19 /* Release */ = {
			isa = XCBuildConfiguration;
			buildSettings = {
				GENERATE_INFOPLIST_FILE = YES;
				MACOSX_DEPLOYMENT_TARGET = 14.0;
				PRODUCT_MODULE_NAME = VivacityUITests;
				PRODUCT_NAME = VivacityUITests;
				SWIFT_VERSION = 5.0;
				TEST_TARGET_NAME = Vivacity;
			};
			name = Release;
		};
		AA000071 /* Debug */ = {
			isa = XCBuildConfiguration;
			buildSettings = {
				ASSETCATALOG_COMPILER_APPICON_NAME = AppIcon;
				ASSETCATALOG_COMPILER_GLOBAL_ACCENT_COLOR_NAME = AccentColor;
				CODE_SIGN_ENTITLEMENTS = Vivacity/Vivacity.entitlements;
				CODE_SIGN_STYLE = Automatic;
				COMBINE_HIDPI_IMAGES = YES;
				CURRENT_PROJECT_VERSION = 1;
				DEVELOPMENT_ASSET_PATHS = "";
				ENABLE_PREVIEWS = YES;
				GENERATE_INFOPLIST_FILE = YES;
				INFOPLIST_KEY_NSHumanReadableCopyright = "";
				LD_RUNPATH_SEARCH_PATHS = (
					"$(inherited)",
					"@executable_path/../Frameworks",
				);
				MARKETING_VERSION = 1.0;
				PRODUCT_BUNDLE_IDENTIFIER = com.joao.Vivacity;
				PRODUCT_NAME = "$(TARGET_NAME)";
				SWIFT_EMIT_LOC_STRINGS = YES;
				SWIFT_VERSION = 5.0;
			};
			name = Debug;
		};
		AA000072 /* Release */ = {
			isa = XCBuildConfiguration;
			buildSettings = {
				ASSETCATALOG_COMPILER_APPICON_NAME = AppIcon;
				ASSETCATALOG_COMPILER_GLOBAL_ACCENT_COLOR_NAME = AccentColor;
				CODE_SIGN_ENTITLEMENTS = Vivacity/Vivacity.entitlements;
				CODE_SIGN_STYLE = Automatic;
				COMBINE_HIDPI_IMAGES = YES;
				CURRENT_PROJECT_VERSION = 1;
				DEVELOPMENT_ASSET_PATHS = "";
				ENABLE_PREVIEWS = YES;
				GENERATE_INFOPLIST_FILE = YES;
				INFOPLIST_KEY_NSHumanReadableCopyright = "";
				LD_RUNPATH_SEARCH_PATHS = (
					"$(inherited)",
					"@executable_path/../Frameworks",
				);
				MARKETING_VERSION = 1.0;
				PRODUCT_BUNDLE_IDENTIFIER = com.joao.Vivacity;
				PRODUCT_NAME = "$(TARGET_NAME)";
				SWIFT_EMIT_LOC_STRINGS = YES;
				SWIFT_VERSION = 5.0;
			};
			name = Release;
		};
		AA000081 /* Debug */ = {
			isa = XCBuildConfiguration;
			buildSettings = {
				ALWAYS_SEARCH_USER_PATHS = NO;
				ASSETCATALOG_COMPILER_GENERATE_SWIFT_ASSET_SYMBOL_EXTENSIONS = YES;
				CLANG_ANALYZER_NONNULL = YES;
				CLANG_ANALYZER_NUMBER_OBJECT_CONVERSION = YES_AGGRESSIVE;
				CLANG_CXX_LANGUAGE_STANDARD = "gnu++20";
				CLANG_ENABLE_MODULES = YES;
				CLANG_ENABLE_OBJC_ARC = YES;
				CLANG_ENABLE_OBJC_WEAK = YES;
				CLANG_WARN_BLOCK_CAPTURE_AUTORELEASING = YES;
				CLANG_WARN_BOOL_CONVERSION = YES;
				CLANG_WARN_COMMA = YES;
				CLANG_WARN_CONSTANT_CONVERSION = YES;
				CLANG_WARN_DEPRECATED_OBJC_IMPLEMENTATIONS = YES;
				CLANG_WARN_DIRECT_OBJC_ISA_USAGE = YES_ERROR;
				CLANG_WARN_DOCUMENTATION_COMMENTS = YES;
				CLANG_WARN_EMPTY_BODY = YES;
				CLANG_WARN_ENUM_CONVERSION = YES;
				CLANG_WARN_INFINITE_RECURSION = YES;
				CLANG_WARN_INT_CONVERSION = YES;
				CLANG_WARN_NON_LITERAL_NULL_CONVERSION = YES;
				CLANG_WARN_OBJC_IMPLICIT_RETAIN_SELF = YES;
				CLANG_WARN_OBJC_LITERAL_CONVERSION = YES;
				CLANG_WARN_OBJC_ROOT_CLASS = YES_ERROR;
				CLANG_WARN_QUOTED_INCLUDE_IN_FRAMEWORK_HEADER = YES;
				CLANG_WARN_RANGE_LOOP_ANALYSIS = YES;
				CLANG_WARN_STRICT_PROTOTYPES = YES;
				CLANG_WARN_SUSPICIOUS_MOVE = YES;
				CLANG_WARN_UNGUARDED_AVAILABILITY = YES_AGGRESSIVE;
				CLANG_WARN_UNREACHABLE_CODE = YES;
				CLANG_WARN__DUPLICATE_METHOD_MATCH = YES;
				COPY_PHASE_STRIP = NO;
				DEBUG_INFORMATION_FORMAT = dwarf;
				ENABLE_STRICT_OBJC_MSGSEND = YES;
				ENABLE_TESTABILITY = YES;
				ENABLE_USER_SCRIPT_SANDBOXING = NO;
				GCC_C_LANGUAGE_STANDARD = gnu17;
				GCC_DYNAMIC_NO_PIC = NO;
				GCC_NO_COMMON_BLOCKS = YES;
				GCC_OPTIMIZATION_LEVEL = 0;
				GCC_PREPROCESSOR_DEFINITIONS = (
					"DEBUG=1",
					"$(inherited)",
				);
				GCC_WARN_64_TO_32_BIT_CONVERSION = YES;
				GCC_WARN_ABOUT_RETURN_TYPE = YES_ERROR;
				GCC_WARN_UNDECLARED_SELECTOR = YES;
				GCC_WARN_UNINITIALIZED_AUTOS = YES_AGGRESSIVE;
				GCC_WARN_UNUSED_FUNCTION = YES;
				GCC_WARN_UNUSED_VARIABLE = YES;
				MACOSX_DEPLOYMENT_TARGET = 14.0;
				MTL_ENABLE_DEBUG_INFO = INCLUDE_SOURCE;
				MTL_FAST_MATH = YES;
				ONLY_ACTIVE_ARCH = YES;
				SDKROOT = macosx;
				SWIFT_ACTIVE_COMPILATION_CONDITIONS = "DEBUG $(inherited)";
				SWIFT_OPTIMIZATION_LEVEL = "-Onone";
			};
			name = Debug;
		};
		AA000082 /* Release */ = {
			isa = XCBuildConfiguration;
			buildSettings = {
				ALWAYS_SEARCH_USER_PATHS = NO;
				ASSETCATALOG_COMPILER_GENERATE_SWIFT_ASSET_SYMBOL_EXTENSIONS = YES;
				CLANG_ANALYZER_NONNULL = YES;
				CLANG_ANALYZER_NUMBER_OBJECT_CONVERSION = YES_AGGRESSIVE;
				CLANG_CXX_LANGUAGE_STANDARD = "gnu++20";
				CLANG_ENABLE_MODULES = YES;
				CLANG_ENABLE_OBJC_ARC = YES;
				CLANG_ENABLE_OBJC_WEAK = YES;
				CLANG_WARN_BLOCK_CAPTURE_AUTORELEASING = YES;
				CLANG_WARN_BOOL_CONVERSION = YES;
				CLANG_WARN_COMMA = YES;
				CLANG_WARN_CONSTANT_CONVERSION = YES;
				CLANG_WARN_DEPRECATED_OBJC_IMPLEMENTATIONS = YES;
				CLANG_WARN_DIRECT_OBJC_ISA_USAGE = YES_ERROR;
				CLANG_WARN_DOCUMENTATION_COMMENTS = YES;
				CLANG_WARN_EMPTY_BODY = YES;
				CLANG_WARN_ENUM_CONVERSION = YES;
				CLANG_WARN_INFINITE_RECURSION = YES;
				CLANG_WARN_INT_CONVERSION = YES;
				CLANG_WARN_NON_LITERAL_NULL_CONVERSION = YES;
				CLANG_WARN_OBJC_IMPLICIT_RETAIN_SELF = YES;
				CLANG_WARN_OBJC_LITERAL_CONVERSION = YES;
				CLANG_WARN_OBJC_ROOT_CLASS = YES_ERROR;
				CLANG_WARN_QUOTED_INCLUDE_IN_FRAMEWORK_HEADER = YES;
				CLANG_WARN_RANGE_LOOP_ANALYSIS = YES;
				CLANG_WARN_STRICT_PROTOTYPES = YES;
				CLANG_WARN_SUSPICIOUS_MOVE = YES;
				CLANG_WARN_UNGUARDED_AVAILABILITY = YES_AGGRESSIVE;
				CLANG_WARN_UNREACHABLE_CODE = YES;
				CLANG_WARN__DUPLICATE_METHOD_MATCH = YES;
				COPY_PHASE_STRIP = NO;
				DEBUG_INFORMATION_FORMAT = "dwarf-with-dsym";
				ENABLE_NS_ASSERTIONS = NO;
				ENABLE_STRICT_OBJC_MSGSEND = YES;
				ENABLE_USER_SCRIPT_SANDBOXING = NO;
				GCC_C_LANGUAGE_STANDARD = gnu17;
				GCC_NO_COMMON_BLOCKS = YES;
				GCC_WARN_64_TO_32_BIT_CONVERSION = YES;
				GCC_WARN_ABOUT_RETURN_TYPE = YES_ERROR;
				GCC_WARN_UNDECLARED_SELECTOR = YES;
				GCC_WARN_UNINITIALIZED_AUTOS = YES_AGGRESSIVE;
				GCC_WARN_UNUSED_FUNCTION = YES;
				GCC_WARN_UNUSED_VARIABLE = YES;
				MACOSX_DEPLOYMENT_TARGET = 14.0;
				MTL_ENABLE_DEBUG_INFO = NO;
				MTL_FAST_MATH = YES;
				SDKROOT = macosx;
				SWIFT_COMPILATION_MODE = wholemodule;
			};
			name = Release;
		};
		CD893EDD8EC8AA5EE46D2AAD /* Debug */ = {
			isa = XCBuildConfiguration;
			buildSettings = {
				BUNDLE_LOADER = "$(TEST_HOST)";
				GENERATE_INFOPLIST_FILE = YES;
				MACOSX_DEPLOYMENT_TARGET = 14.0;
				PRODUCT_MODULE_NAME = VivacityTests;
				PRODUCT_NAME = VivacityTests;
				SWIFT_VERSION = 5.0;
				TEST_HOST = "$(BUILT_PRODUCTS_DIR)/Vivacity.app/Contents/MacOS/Vivacity";
				TEST_TARGET_NAME = Vivacity;
			};
			name = Debug;
		};
		D4D12D8F0A70C46940E8D56A /* Debug */ = {
			isa = XCBuildConfiguration;
			buildSettings = {
				GENERATE_INFOPLIST_FILE = YES;
				MACOSX_DEPLOYMENT_TARGET = 14.0;
				PRODUCT_MODULE_NAME = VivacityUITests;
				PRODUCT_NAME = VivacityUITests;
				SWIFT_VERSION = 5.0;
				TEST_TARGET_NAME = Vivacity;
			};
			name = Debug;
		};
/* End XCBuildConfiguration section */

/* Begin XCConfigurationList section */
		2B4E40396DA6077C4F6C16BA /* Build configuration list for PBXNativeTarget "VivacityTests" */ = {
			isa = XCConfigurationList;
			buildConfigurations = (
				129EC1D6D56B55B4BA3F6307 /* Release */,
				CD893EDD8EC8AA5EE46D2AAD /* Debug */,
			);
			defaultConfigurationIsVisible = 0;
			defaultConfigurationName = Release;
		};
		9FA87E585651311208FBD9D9 /* Build configuration list for PBXNativeTarget "VivacityUITests" */ = {
			isa = XCConfigurationList;
			buildConfigurations = (
				489EEA321F644B7D67970D19 /* Release */,
				D4D12D8F0A70C46940E8D56A /* Debug */,
			);
			defaultConfigurationIsVisible = 0;
			defaultConfigurationName = Release;
		};
		AA000070 /* Build configuration list for PBXNativeTarget "Vivacity" */ = {
			isa = XCConfigurationList;
			buildConfigurations = (
				AA000071 /* Debug */,
				AA000072 /* Release */,
			);
			defaultConfigurationIsVisible = 0;
			defaultConfigurationName = Release;
		};
		AA000080 /* Build configuration list for PBXProject "Vivacity" */ = {
			isa = XCConfigurationList;
			buildConfigurations = (
				AA000081 /* Debug */,
				AA000082 /* Release */,
			);
			defaultConfigurationIsVisible = 0;
			defaultConfigurationName = Release;
		};
/* End XCConfigurationList section */
	};
	rootObject = AA000060 /* Project object */;
}
